// !$*UTF8*$!
{
	archiveVersion = 1;
	classes = {
	};
	objectVersion = 46;
	objects = {

/* Begin PBXBuildFile section */
		004E9463E586494EBDE5173A /* ImageIO.framework in Frameworks */ = {isa = PBXBuildFile; fileRef = 75E7AAFBAC934410998931D4 /* ImageIO.framework */; settings = {ATTRIBUTES = (Weak, ); }; };
		0207DA581B56EA530066E2B4 /* Images.xcassets in Resources */ = {isa = PBXBuildFile; fileRef = 0207DA571B56EA530066E2B4 /* Images.xcassets */; };
		02AFC779B1144D3DAA4740FE /* libGSDK_Overload.a in Frameworks */ = {isa = PBXBuildFile; fileRef = 3C944A7F9E8A4EA4A3D5A243 /* libGSDK_Overload.a */; };
		04B8B7F5DF2A4617A2D1C998 /* libGTMSessionFetcher_full.a in Frameworks */ = {isa = PBXBuildFile; fileRef = 1DC6A077326E4E9D98DF75E6 /* libGTMSessionFetcher_full.a */; };
		06142E5D8F804212A8941255 /* PushPlugin.m in Sources */ = {isa = PBXBuildFile; fileRef = 653927AE9C264ECBB443E012 /* PushPlugin.m */; };
		0F112A8CF30D440BAFA0E460 /* CDVAssetLibraryFilesystem.m in Sources */ = {isa = PBXBuildFile; fileRef = FA8453C3DA6F4CE88F7C6AAB /* CDVAssetLibraryFilesystem.m */; };
		0FA21F634D594696ADBDD92D /* libz.tbd in Frameworks */ = {isa = PBXBuildFile; fileRef = A9C7A0E3490D4C2CB0C73035 /* libz.tbd */; };
		13D1B7B8E4704F36B43B812B /* libGTM_AddressBook.a in Frameworks */ = {isa = PBXBuildFile; fileRef = 658AAFA3385F439A9F61118E /* libGTM_AddressBook.a */; };
		14AD58BD35904805A3E35D1F /* libGTM_Regex.a in Frameworks */ = {isa = PBXBuildFile; fileRef = 791F5CF5D1BE44E89A580D58 /* libGTM_Regex.a */; };
		1788BD26450C40A5B91777B1 /* libGTM_NSDictionary+URLArguments.a in Frameworks */ = {isa = PBXBuildFile; fileRef = E4FBD14636BF4889BEE2D139 /* libGTM_NSDictionary+URLArguments.a */; };
		1D3623260D0F684500981E51 /* AppDelegate.m in Sources */ = {isa = PBXBuildFile; fileRef = 1D3623250D0F684500981E51 /* AppDelegate.m */; };
		1D60589B0D05DD56006BFB54 /* main.m in Sources */ = {isa = PBXBuildFile; fileRef = 29B97316FDCFA39411CA2CEA /* main.m */; };
		1D7D536807D3481890C24561 /* libGTM_GTMURLBuilder.a in Frameworks */ = {isa = PBXBuildFile; fileRef = 087BBF9DF66F432CB8BB0CFC /* libGTM_GTMURLBuilder.a */; };
		1FF961E9CDFF4D1B88BF29DD /* CDVKeyboard.m in Sources */ = {isa = PBXBuildFile; fileRef = 71F938B36A0B442C8734D1FD /* CDVKeyboard.m */; };
		277D8A26B15E44C2BFC0CEBC /* libGTM_RoundedRectPath.a in Frameworks */ = {isa = PBXBuildFile; fileRef = 65035C8C26AC4BEFB5C19BE5 /* libGTM_RoundedRectPath.a */; };
		28652A1FE2694F939ADEC07A /* libGTM_SystemVersion.a in Frameworks */ = {isa = PBXBuildFile; fileRef = 07C1A6A1A43D4989A6D3C5DE /* libGTM_SystemVersion.a */; };
		301BF552109A68D80062928A /* libCordova.a in Frameworks */ = {isa = PBXBuildFile; fileRef = 301BF535109A57CC0062928A /* libCordova.a */; };
		302D95F114D2391D003F00A1 /* MainViewController.m in Sources */ = {isa = PBXBuildFile; fileRef = 302D95EF14D2391D003F00A1 /* MainViewController.m */; };
		302D95F214D2391D003F00A1 /* MainViewController.xib in Resources */ = {isa = PBXBuildFile; fileRef = 302D95F014D2391D003F00A1 /* MainViewController.xib */; };
		3ECBD97ACB2D4C479E9D290D /* libProtocolBuffers.a in Frameworks */ = {isa = PBXBuildFile; fileRef = CAAC1C4330F542879526820B /* libProtocolBuffers.a */; };
		44AE186EA2614339A1D23731 /* CoreLocation.framework in Frameworks */ = {isa = PBXBuildFile; fileRef = F4459600BF6D46528765CD07 /* CoreLocation.framework */; };
		4E2F7C41FEB749D69EDA6DC6 /* CDVJpegHeaderWriter.m in Sources */ = {isa = PBXBuildFile; fileRef = A4537A5285D9410F860D1CEB /* CDVJpegHeaderWriter.m */; };
		51AFB86961FA4C5E837D3887 /* libGIP_Reachability.a in Frameworks */ = {isa = PBXBuildFile; fileRef = 738B97D6A61E43A5BD350E7C /* libGIP_Reachability.a */; };
		51D4410B39684865BA096460 /* Toast.m in Sources */ = {isa = PBXBuildFile; fileRef = 98AE27241E6749A6BBA5FF4E /* Toast.m */; };
		530B0367CA8648458FDFC035 /* libGTM_NSScannerJSON.a in Frameworks */ = {isa = PBXBuildFile; fileRef = 2ADEF2CC25DB4332B2CC67D2 /* libGTM_NSScannerJSON.a */; };
		538740F84A604B7B8D144691 /* libGTMStackTrace.a in Frameworks */ = {isa = PBXBuildFile; fileRef = FC6FBA4FD19A4968AB370EA4 /* libGTMStackTrace.a */; };
		5CB8FAD3D89246EA83432026 /* libGTM_NSData+zlib.a in Frameworks */ = {isa = PBXBuildFile; fileRef = D3ED4EC601224E16B2564C60 /* libGTM_NSData+zlib.a */; };
		5EDAB6C46D0342DFA659E221 /* libGTM_core.a in Frameworks */ = {isa = PBXBuildFile; fileRef = 6DD8B19D28604323A74AFAF6 /* libGTM_core.a */; };
		6CF8240271EF4A499BF6D2A7 /* libGcmLib.a in Frameworks */ = {isa = PBXBuildFile; fileRef = BA8F97370F4A48DF975F4765 /* libGcmLib.a */; };
		6FC4AB53835D4471B427842C /* CDVLocalFilesystem.m in Sources */ = {isa = PBXBuildFile; fileRef = 46AEBD20C55B460ABFCC3539 /* CDVLocalFilesystem.m */; };
		764EA7D3DD134C90B5578217 /* APPBackgroundMode.m in Sources */ = {isa = PBXBuildFile; fileRef = C88C7AAB203C4A37860CC69B /* APPBackgroundMode.m */; };
		819CFB7129F14FBFBCB528AE /* libGTM_DebugUtils.a in Frameworks */ = {isa = PBXBuildFile; fileRef = 19BC0A24A756468C9EB05474 /* libGTM_DebugUtils.a */; };
		91EC1078FD4447A98E544393 /* Toast+UIView.m in Sources */ = {isa = PBXBuildFile; fileRef = 8D3303073086470AAC2F3275 /* Toast+UIView.m */; };
		9B64BFCE7CA94743AD7C1CD1 /* libGGLCloudMessaging.a in Frameworks */ = {isa = PBXBuildFile; fileRef = 6A6AB74DDF964A50A71627B3 /* libGGLCloudMessaging.a */; };
		9BFB5482E3CE4F4AAC4F26BF /* libGGLInstanceIDLib.a in Frameworks */ = {isa = PBXBuildFile; fileRef = 1B214F3EDB1B41FEBB01ED57 /* libGGLInstanceIDLib.a */; };
		A8050CA54F8744AC91CA04B7 /* UIImage+CropScaleOrientation.m in Sources */ = {isa = PBXBuildFile; fileRef = A038D0BC3A4E4393A9626BBA /* UIImage+CropScaleOrientation.m */; };
		AA195C111783498487621AF5 /* AddressBook.framework in Frameworks */ = {isa = PBXBuildFile; fileRef = BCABC444F1204360BAA9023D /* AddressBook.framework */; };
		B08CBE65B550474CAE71AC22 /* libGTMSessionFetcher_core.a in Frameworks */ = {isa = PBXBuildFile; fileRef = 21438470D6784B6A915524E2 /* libGTMSessionFetcher_core.a */; };
		B08D7DE46684485CA3813E78 /* CDVFile.m in Sources */ = {isa = PBXBuildFile; fileRef = E7520D76203F45F4BA10F8B2 /* CDVFile.m */; };
		B3496D829A72435A83D1F9B3 /* libGTM_StringEncoding.a in Frameworks */ = {isa = PBXBuildFile; fileRef = 60963543423C483EBAB07E01 /* libGTM_StringEncoding.a */; };
		B377B51A1250494E91770E34 /* libGGLCore.a in Frameworks */ = {isa = PBXBuildFile; fileRef = E81F4436056F4AE082CD403C /* libGGLCore.a */; };
		B7F843E17F124064857574E2 /* CDVFileTransfer.m in Sources */ = {isa = PBXBuildFile; fileRef = 87C6CBE677954D13A167CF3E /* CDVFileTransfer.m */; };
		BB5861C59E7945749393010B /* QuartzCore.framework in Frameworks */ = {isa = PBXBuildFile; fileRef = BE39B71AA64A4806A4DC83F3 /* QuartzCore.framework */; };
		BE0019B90B834571BAD87DF5 /* CDVDevice.m in Sources */ = {isa = PBXBuildFile; fileRef = E4A56B31DD204EA4BF9B79E3 /* CDVDevice.m */; };
		BE6911CD7C414EF1BE3A1EDB /* AppDelegate+notification.m in Sources */ = {isa = PBXBuildFile; fileRef = 80A2DBAF9CE246A9B8E1F136 /* AppDelegate+notification.m */; };
		C0500AA9BE514979BA3C8B67 /* CDVInAppBrowser.m in Sources */ = {isa = PBXBuildFile; fileRef = 8ADC9621AB9E49E3963E176F /* CDVInAppBrowser.m */; };
		C0EC59282D684707BCAE8199 /* CDVViewController+SplashScreen.m in Sources */ = {isa = PBXBuildFile; fileRef = 13AB0D073F7F4708A844F259 /* CDVViewController+SplashScreen.m */; };
		C10809B5F83043CA96C805A3 /* libGTM_KVO.a in Frameworks */ = {isa = PBXBuildFile; fileRef = 24CB16B45C004D97A2ACE99F /* libGTM_KVO.a */; };
		C285572AD4884F4091D979C9 /* CDVSplashScreen.m in Sources */ = {isa = PBXBuildFile; fileRef = 1D54AFF72FD94BEFB6296189 /* CDVSplashScreen.m */; };
		D1216189F7854A7CB5552F54 /* libGTM_iPhone.a in Frameworks */ = {isa = PBXBuildFile; fileRef = E9752B9CE5114F4D86128A94 /* libGTM_iPhone.a */; };
		D715B7624F98438C8A2D0179 /* CDVCamera.m in Sources */ = {isa = PBXBuildFile; fileRef = 1D2325A0CC0241219E6E67D8 /* CDVCamera.m */; };
		D8EC22EFF5494917B4310B8E /* libGTM_NSStringHTML.a in Frameworks */ = {isa = PBXBuildFile; fileRef = 1A0F6F6AA6894DF6A9AD6276 /* libGTM_NSStringHTML.a */; };
		D9FC5697DCD44773992F7C1B /* appbeep.wav in Resources */ = {isa = PBXBuildFile; fileRef = 1E8775D2889441BD9D760ED9 /* appbeep.wav */; };
		E7442B16491C4A50883E2954 /* AVFoundation.framework in Frameworks */ = {isa = PBXBuildFile; fileRef = BEC5B163E5E04CB98358B167 /* AVFoundation.framework */; };
		EDB5AC80E47D406D8CAD608A /* libGTM_NSStringXML.a in Frameworks */ = {isa = PBXBuildFile; fileRef = 59C68905C5C64AE39892EF11 /* libGTM_NSStringXML.a */; };
		EEF6CB0FB37149658EAC3882 /* libGTM_UIFont+LineHeight.a in Frameworks */ = {isa = PBXBuildFile; fileRef = AE1A591CE6EF499A8DCE5BD1 /* libGTM_UIFont+LineHeight.a */; };
		F1E7E766DF3E4EF58DE16221 /* libsqlite3.tbd in Frameworks */ = {isa = PBXBuildFile; fileRef = 3FD8DA515B0D42DABD7CCE57 /* libsqlite3.tbd */; };
		FCD13A32B1CE498295576F21 /* CDVLogger.m in Sources */ = {isa = PBXBuildFile; fileRef = 36499B625D204F0F833EF708 /* CDVLogger.m */; };
/* End PBXBuildFile section */

/* Begin PBXContainerItemProxy section */
		301BF534109A57CC0062928A /* PBXContainerItemProxy */ = {
			isa = PBXContainerItemProxy;
			containerPortal = 301BF52D109A57CC0062928A /* CordovaLib.xcodeproj */;
			proxyType = 2;
			remoteGlobalIDString = D2AAC07E0554694100DB518D;
			remoteInfo = CordovaLib;
		};
		301BF550109A68C00062928A /* PBXContainerItemProxy */ = {
			isa = PBXContainerItemProxy;
			containerPortal = 301BF52D109A57CC0062928A /* CordovaLib.xcodeproj */;
			proxyType = 1;
			remoteGlobalIDString = D2AAC07D0554694100DB518D;
			remoteInfo = CordovaLib;
		};
/* End PBXContainerItemProxy section */

/* Begin PBXFileReference section */
		0207DA571B56EA530066E2B4 /* Images.xcassets */ = {isa = PBXFileReference; lastKnownFileType = folder.assetcatalog; name = Images.xcassets; path = "Ginger Coach/Images.xcassets"; sourceTree = SOURCE_ROOT; };
		07C1A6A1A43D4989A6D3C5DE /* libGTM_SystemVersion.a */ = {isa = PBXFileReference; explicitFileType = undefined; fileEncoding = 9; includeInIndex = 0; lastKnownFileType = archive.ar; name = libGTM_SystemVersion.a; path = "Ginger Coach/Plugins/phonegap-plugin-push/GCM/Libraries/libGTM_SystemVersion.a"; sourceTree = "<group>"; };
		087BBF9DF66F432CB8BB0CFC /* libGTM_GTMURLBuilder.a */ = {isa = PBXFileReference; explicitFileType = undefined; fileEncoding = 9; includeInIndex = 0; lastKnownFileType = archive.ar; name = libGTM_GTMURLBuilder.a; path = "Ginger Coach/Plugins/phonegap-plugin-push/GCM/Libraries/libGTM_GTMURLBuilder.a"; sourceTree = "<group>"; };
		0D891819A0E2458CA2F9B3A7 /* CDVJpegHeaderWriter.h */ = {isa = PBXFileReference; explicitFileType = undefined; fileEncoding = 4; includeInIndex = 0; lastKnownFileType = sourcecode.c.h; name = CDVJpegHeaderWriter.h; path = "cordova-plugin-camera/CDVJpegHeaderWriter.h"; sourceTree = "<group>"; };
		13AB0D073F7F4708A844F259 /* CDVViewController+SplashScreen.m */ = {isa = PBXFileReference; explicitFileType = undefined; fileEncoding = 4; includeInIndex = 0; lastKnownFileType = sourcecode.c.objc; name = "CDVViewController+SplashScreen.m"; path = "cordova-plugin-splashscreen/CDVViewController+SplashScreen.m"; sourceTree = "<group>"; };
		19BC0A24A756468C9EB05474 /* libGTM_DebugUtils.a */ = {isa = PBXFileReference; explicitFileType = undefined; fileEncoding = 9; includeInIndex = 0; lastKnownFileType = archive.ar; name = libGTM_DebugUtils.a; path = "Ginger Coach/Plugins/phonegap-plugin-push/GCM/Libraries/libGTM_DebugUtils.a"; sourceTree = "<group>"; };
		1A0F6F6AA6894DF6A9AD6276 /* libGTM_NSStringHTML.a */ = {isa = PBXFileReference; explicitFileType = undefined; fileEncoding = 9; includeInIndex = 0; lastKnownFileType = archive.ar; name = libGTM_NSStringHTML.a; path = "Ginger Coach/Plugins/phonegap-plugin-push/GCM/Libraries/libGTM_NSStringHTML.a"; sourceTree = "<group>"; };
		1B214F3EDB1B41FEBB01ED57 /* libGGLInstanceIDLib.a */ = {isa = PBXFileReference; explicitFileType = undefined; fileEncoding = 9; includeInIndex = 0; lastKnownFileType = archive.ar; name = libGGLInstanceIDLib.a; path = "Ginger Coach/Plugins/phonegap-plugin-push/GCM/Libraries/libGGLInstanceIDLib.a"; sourceTree = "<group>"; };
		1D2325A0CC0241219E6E67D8 /* CDVCamera.m */ = {isa = PBXFileReference; explicitFileType = undefined; fileEncoding = 4; includeInIndex = 0; lastKnownFileType = sourcecode.c.objc; name = CDVCamera.m; path = "cordova-plugin-camera/CDVCamera.m"; sourceTree = "<group>"; };
		1D3623240D0F684500981E51 /* AppDelegate.h */ = {isa = PBXFileReference; fileEncoding = 4; lastKnownFileType = sourcecode.c.h; path = AppDelegate.h; sourceTree = "<group>"; };
		1D3623250D0F684500981E51 /* AppDelegate.m */ = {isa = PBXFileReference; fileEncoding = 4; lastKnownFileType = sourcecode.c.objc; path = AppDelegate.m; sourceTree = "<group>"; };
		1D54AFF72FD94BEFB6296189 /* CDVSplashScreen.m */ = {isa = PBXFileReference; explicitFileType = undefined; fileEncoding = 4; includeInIndex = 0; lastKnownFileType = sourcecode.c.objc; name = CDVSplashScreen.m; path = "cordova-plugin-splashscreen/CDVSplashScreen.m"; sourceTree = "<group>"; };
		1D6058910D05DD3D006BFB54 /* Ginger Coach.app */ = {isa = PBXFileReference; explicitFileType = wrapper.application; includeInIndex = 0; path = "Ginger Coach.app"; sourceTree = BUILT_PRODUCTS_DIR; };
		1DC6A077326E4E9D98DF75E6 /* libGTMSessionFetcher_full.a */ = {isa = PBXFileReference; explicitFileType = undefined; fileEncoding = 9; includeInIndex = 0; lastKnownFileType = archive.ar; name = libGTMSessionFetcher_full.a; path = "Ginger Coach/Plugins/phonegap-plugin-push/GCM/Libraries/libGTMSessionFetcher_full.a"; sourceTree = "<group>"; };
		1E8775D2889441BD9D760ED9 /* appbeep.wav */ = {isa = PBXFileReference; explicitFileType = undefined; fileEncoding = 9; includeInIndex = 0; lastKnownFileType = unknown; path = appbeep.wav; sourceTree = "<group>"; };
		1EBE03DAA20049C7BD5C4637 /* CDVDevice.h */ = {isa = PBXFileReference; explicitFileType = undefined; fileEncoding = 4; includeInIndex = 0; lastKnownFileType = sourcecode.c.h; name = CDVDevice.h; path = "cordova-plugin-device/CDVDevice.h"; sourceTree = "<group>"; };
		21438470D6784B6A915524E2 /* libGTMSessionFetcher_core.a */ = {isa = PBXFileReference; explicitFileType = undefined; fileEncoding = 9; includeInIndex = 0; lastKnownFileType = archive.ar; name = libGTMSessionFetcher_core.a; path = "Ginger Coach/Plugins/phonegap-plugin-push/GCM/Libraries/libGTMSessionFetcher_core.a"; sourceTree = "<group>"; };
		24031ECEA5AC4A15B9BDB97D /* CDVLocalFilesystem.h */ = {isa = PBXFileReference; explicitFileType = undefined; fileEncoding = 4; includeInIndex = 0; lastKnownFileType = sourcecode.c.h; name = CDVLocalFilesystem.h; path = "cordova-plugin-file/CDVLocalFilesystem.h"; sourceTree = "<group>"; };
		24CB16B45C004D97A2ACE99F /* libGTM_KVO.a */ = {isa = PBXFileReference; explicitFileType = undefined; fileEncoding = 9; includeInIndex = 0; lastKnownFileType = archive.ar; name = libGTM_KVO.a; path = "Ginger Coach/Plugins/phonegap-plugin-push/GCM/Libraries/libGTM_KVO.a"; sourceTree = "<group>"; };
		2967E9C9D21F43988962CFDA /* CDVLogger.h */ = {isa = PBXFileReference; explicitFileType = undefined; fileEncoding = 4; includeInIndex = 0; lastKnownFileType = sourcecode.c.h; name = CDVLogger.h; path = "cordova-plugin-console/CDVLogger.h"; sourceTree = "<group>"; };
		29B97316FDCFA39411CA2CEA /* main.m */ = {isa = PBXFileReference; fileEncoding = 4; lastKnownFileType = sourcecode.c.objc; path = main.m; sourceTree = "<group>"; };
		2ADEF2CC25DB4332B2CC67D2 /* libGTM_NSScannerJSON.a */ = {isa = PBXFileReference; explicitFileType = undefined; fileEncoding = 9; includeInIndex = 0; lastKnownFileType = archive.ar; name = libGTM_NSScannerJSON.a; path = "Ginger Coach/Plugins/phonegap-plugin-push/GCM/Libraries/libGTM_NSScannerJSON.a"; sourceTree = "<group>"; };
		2B8E31360ED9480A836653CD /* GGLContext+CloudMessaging.h */ = {isa = PBXFileReference; explicitFileType = undefined; fileEncoding = 4; includeInIndex = 0; lastKnownFileType = sourcecode.c.h; name = "GGLContext+CloudMessaging.h"; path = "phonegap-plugin-push/GCM/Headers/GGLContext+CloudMessaging.h"; sourceTree = "<group>"; };
		2DD5B5F5AB164F4CA3912C48 /* GGLInstanceIDDelegate.h */ = {isa = PBXFileReference; explicitFileType = undefined; fileEncoding = 4; includeInIndex = 0; lastKnownFileType = sourcecode.c.h; name = GGLInstanceIDDelegate.h; path = "phonegap-plugin-push/GCM/Headers/GGLInstanceIDDelegate.h"; sourceTree = "<group>"; };
		301BF52D109A57CC0062928A /* CordovaLib.xcodeproj */ = {isa = PBXFileReference; lastKnownFileType = "wrapper.pb-project"; name = CordovaLib.xcodeproj; path = CordovaLib/CordovaLib.xcodeproj; sourceTree = "<group>"; };
		301BF56E109A69640062928A /* www */ = {isa = PBXFileReference; lastKnownFileType = folder; path = www; sourceTree = SOURCE_ROOT; };
		302D95EE14D2391D003F00A1 /* MainViewController.h */ = {isa = PBXFileReference; fileEncoding = 4; lastKnownFileType = sourcecode.c.h; path = MainViewController.h; sourceTree = "<group>"; };
		302D95EF14D2391D003F00A1 /* MainViewController.m */ = {isa = PBXFileReference; fileEncoding = 4; lastKnownFileType = sourcecode.c.objc; path = MainViewController.m; sourceTree = "<group>"; };
		302D95F014D2391D003F00A1 /* MainViewController.xib */ = {isa = PBXFileReference; fileEncoding = 4; lastKnownFileType = file.xib; path = MainViewController.xib; sourceTree = "<group>"; };
		3047A50F1AB8059700498E2A /* build-debug.xcconfig */ = {isa = PBXFileReference; fileEncoding = 4; lastKnownFileType = text.xcconfig; name = "build-debug.xcconfig"; path = "cordova/build-debug.xcconfig"; sourceTree = SOURCE_ROOT; };
		3047A5101AB8059700498E2A /* build-release.xcconfig */ = {isa = PBXFileReference; fileEncoding = 4; lastKnownFileType = text.xcconfig; name = "build-release.xcconfig"; path = "cordova/build-release.xcconfig"; sourceTree = SOURCE_ROOT; };
		3047A5111AB8059700498E2A /* build.xcconfig */ = {isa = PBXFileReference; fileEncoding = 4; lastKnownFileType = text.xcconfig; name = build.xcconfig; path = cordova/build.xcconfig; sourceTree = SOURCE_ROOT; };
		32CA4F630368D1EE00C91783 /* Ginger Coach-Prefix.pch */ = {isa = PBXFileReference; fileEncoding = 4; lastKnownFileType = sourcecode.c.h; path = "Ginger Coach-Prefix.pch"; sourceTree = "<group>"; };
		36499B625D204F0F833EF708 /* CDVLogger.m */ = {isa = PBXFileReference; explicitFileType = undefined; fileEncoding = 4; includeInIndex = 0; lastKnownFileType = sourcecode.c.objc; name = CDVLogger.m; path = "cordova-plugin-console/CDVLogger.m"; sourceTree = "<group>"; };
		3C944A7F9E8A4EA4A3D5A243 /* libGSDK_Overload.a */ = {isa = PBXFileReference; explicitFileType = undefined; fileEncoding = 9; includeInIndex = 0; lastKnownFileType = archive.ar; name = libGSDK_Overload.a; path = "Ginger Coach/Plugins/phonegap-plugin-push/GCM/Libraries/libGSDK_Overload.a"; sourceTree = "<group>"; };
		3FD8DA515B0D42DABD7CCE57 /* libsqlite3.tbd */ = {isa = PBXFileReference; explicitFileType = undefined; fileEncoding = 9; includeInIndex = 0; lastKnownFileType = "sourcecode.text-based-dylib-definition"; name = libsqlite3.tbd; path = usr/lib/libsqlite3.tbd; sourceTree = SDKROOT; };
		418B3A83142D42CE81F2C20D /* CDVCamera.h */ = {isa = PBXFileReference; explicitFileType = undefined; fileEncoding = 4; includeInIndex = 0; lastKnownFileType = sourcecode.c.h; name = CDVCamera.h; path = "cordova-plugin-camera/CDVCamera.h"; sourceTree = "<group>"; };
		46AEBD20C55B460ABFCC3539 /* CDVLocalFilesystem.m */ = {isa = PBXFileReference; explicitFileType = undefined; fileEncoding = 4; includeInIndex = 0; lastKnownFileType = sourcecode.c.objc; name = CDVLocalFilesystem.m; path = "cordova-plugin-file/CDVLocalFilesystem.m"; sourceTree = "<group>"; };
		47D9126D32634974AE35C8DF /* CloudMessaging.h */ = {isa = PBXFileReference; explicitFileType = undefined; fileEncoding = 4; includeInIndex = 0; lastKnownFileType = sourcecode.c.h; name = CloudMessaging.h; path = "phonegap-plugin-push/GCM/Headers/CloudMessaging.h"; sourceTree = "<group>"; };
		51DB18F8E6D346B9B0DDB780 /* GCMConfig.h */ = {isa = PBXFileReference; explicitFileType = undefined; fileEncoding = 4; includeInIndex = 0; lastKnownFileType = sourcecode.c.h; name = GCMConfig.h; path = "phonegap-plugin-push/GCM/Headers/GCMConfig.h"; sourceTree = "<group>"; };
		5334E1661F554EAA9B7A93F1 /* GGLInstanceIDConfig.h */ = {isa = PBXFileReference; explicitFileType = undefined; fileEncoding = 4; includeInIndex = 0; lastKnownFileType = sourcecode.c.h; name = GGLInstanceIDConfig.h; path = "phonegap-plugin-push/GCM/Headers/GGLInstanceIDConfig.h"; sourceTree = "<group>"; };
		55DD24E45ED6408BADA4E7B3 /* CDVAssetLibraryFilesystem.h */ = {isa = PBXFileReference; explicitFileType = undefined; fileEncoding = 4; includeInIndex = 0; lastKnownFileType = sourcecode.c.h; name = CDVAssetLibraryFilesystem.h; path = "cordova-plugin-file/CDVAssetLibraryFilesystem.h"; sourceTree = "<group>"; };
		580D69CF63304B58ADB67E70 /* GGLContext.h */ = {isa = PBXFileReference; explicitFileType = undefined; fileEncoding = 4; includeInIndex = 0; lastKnownFileType = sourcecode.c.h; name = GGLContext.h; path = "phonegap-plugin-push/GCM/Headers/GGLContext.h"; sourceTree = "<group>"; };
		59C68905C5C64AE39892EF11 /* libGTM_NSStringXML.a */ = {isa = PBXFileReference; explicitFileType = undefined; fileEncoding = 9; includeInIndex = 0; lastKnownFileType = archive.ar; name = libGTM_NSStringXML.a; path = "Ginger Coach/Plugins/phonegap-plugin-push/GCM/Libraries/libGTM_NSStringXML.a"; sourceTree = "<group>"; };
		60963543423C483EBAB07E01 /* libGTM_StringEncoding.a */ = {isa = PBXFileReference; explicitFileType = undefined; fileEncoding = 9; includeInIndex = 0; lastKnownFileType = archive.ar; name = libGTM_StringEncoding.a; path = "Ginger Coach/Plugins/phonegap-plugin-push/GCM/Libraries/libGTM_StringEncoding.a"; sourceTree = "<group>"; };
		65035C8C26AC4BEFB5C19BE5 /* libGTM_RoundedRectPath.a */ = {isa = PBXFileReference; explicitFileType = undefined; fileEncoding = 9; includeInIndex = 0; lastKnownFileType = archive.ar; name = libGTM_RoundedRectPath.a; path = "Ginger Coach/Plugins/phonegap-plugin-push/GCM/Libraries/libGTM_RoundedRectPath.a"; sourceTree = "<group>"; };
		653927AE9C264ECBB443E012 /* PushPlugin.m */ = {isa = PBXFileReference; explicitFileType = undefined; fileEncoding = 4; includeInIndex = 0; lastKnownFileType = sourcecode.c.objc; name = PushPlugin.m; path = "phonegap-plugin-push/PushPlugin.m"; sourceTree = "<group>"; };
		658AAFA3385F439A9F61118E /* libGTM_AddressBook.a */ = {isa = PBXFileReference; explicitFileType = undefined; fileEncoding = 9; includeInIndex = 0; lastKnownFileType = archive.ar; name = libGTM_AddressBook.a; path = "Ginger Coach/Plugins/phonegap-plugin-push/GCM/Libraries/libGTM_AddressBook.a"; sourceTree = "<group>"; };
		68618CDCFA2C4DB3B16E6656 /* PushPlugin.h */ = {isa = PBXFileReference; explicitFileType = undefined; fileEncoding = 4; includeInIndex = 0; lastKnownFileType = sourcecode.c.h; name = PushPlugin.h; path = "phonegap-plugin-push/PushPlugin.h"; sourceTree = "<group>"; };
		6A6AB74DDF964A50A71627B3 /* libGGLCloudMessaging.a */ = {isa = PBXFileReference; explicitFileType = undefined; fileEncoding = 9; includeInIndex = 0; lastKnownFileType = archive.ar; name = libGGLCloudMessaging.a; path = "Ginger Coach/Plugins/phonegap-plugin-push/GCM/Libraries/libGGLCloudMessaging.a"; sourceTree = "<group>"; };
		6DD8B19D28604323A74AFAF6 /* libGTM_core.a */ = {isa = PBXFileReference; explicitFileType = undefined; fileEncoding = 9; includeInIndex = 0; lastKnownFileType = archive.ar; name = libGTM_core.a; path = "Ginger Coach/Plugins/phonegap-plugin-push/GCM/Libraries/libGTM_core.a"; sourceTree = "<group>"; };
		71F938B36A0B442C8734D1FD /* CDVKeyboard.m */ = {isa = PBXFileReference; explicitFileType = undefined; fileEncoding = 4; includeInIndex = 0; lastKnownFileType = sourcecode.c.objc; name = CDVKeyboard.m; path = "cordova-plugin-keyboard/CDVKeyboard.m"; sourceTree = "<group>"; };
		738B97D6A61E43A5BD350E7C /* libGIP_Reachability.a */ = {isa = PBXFileReference; explicitFileType = undefined; fileEncoding = 9; includeInIndex = 0; lastKnownFileType = archive.ar; name = libGIP_Reachability.a; path = "Ginger Coach/Plugins/phonegap-plugin-push/GCM/Libraries/libGIP_Reachability.a"; sourceTree = "<group>"; };
		74C4F8500645416CA2994AB0 /* GoogleCloudMessaging.h */ = {isa = PBXFileReference; explicitFileType = undefined; fileEncoding = 4; includeInIndex = 0; lastKnownFileType = sourcecode.c.h; name = GoogleCloudMessaging.h; path = "phonegap-plugin-push/GCM/Headers/GoogleCloudMessaging.h"; sourceTree = "<group>"; };
		74FEA49D02A94DB6BFB7B37D /* GGLInstanceID.h */ = {isa = PBXFileReference; explicitFileType = undefined; fileEncoding = 4; includeInIndex = 0; lastKnownFileType = sourcecode.c.h; name = GGLInstanceID.h; path = "phonegap-plugin-push/GCM/Headers/GGLInstanceID.h"; sourceTree = "<group>"; };
		75E7AAFBAC934410998931D4 /* ImageIO.framework */ = {isa = PBXFileReference; explicitFileType = undefined; fileEncoding = 9; includeInIndex = 0; lastKnownFileType = wrapper.framework; name = ImageIO.framework; path = System/Library/Frameworks/ImageIO.framework; sourceTree = SDKROOT; };
		766A1EECC5054C929ECF7507 /* GGLConfiguration.h */ = {isa = PBXFileReference; explicitFileType = undefined; fileEncoding = 4; includeInIndex = 0; lastKnownFileType = sourcecode.c.h; name = GGLConfiguration.h; path = "phonegap-plugin-push/GCM/Headers/GGLConfiguration.h"; sourceTree = "<group>"; };
		791F5CF5D1BE44E89A580D58 /* libGTM_Regex.a */ = {isa = PBXFileReference; explicitFileType = undefined; fileEncoding = 9; includeInIndex = 0; lastKnownFileType = archive.ar; name = libGTM_Regex.a; path = "Ginger Coach/Plugins/phonegap-plugin-push/GCM/Libraries/libGTM_Regex.a"; sourceTree = "<group>"; };
		7D845414859D4FA5BF594242 /* GGLInstanceIDHeaders.h */ = {isa = PBXFileReference; explicitFileType = undefined; fileEncoding = 4; includeInIndex = 0; lastKnownFileType = sourcecode.c.h; name = GGLInstanceIDHeaders.h; path = "phonegap-plugin-push/GCM/Headers/GGLInstanceIDHeaders.h"; sourceTree = "<group>"; };
		80A2DBAF9CE246A9B8E1F136 /* AppDelegate+notification.m */ = {isa = PBXFileReference; explicitFileType = undefined; fileEncoding = 4; includeInIndex = 0; lastKnownFileType = sourcecode.c.objc; name = "AppDelegate+notification.m"; path = "phonegap-plugin-push/AppDelegate+notification.m"; sourceTree = "<group>"; };
		843C2E9391AA4A9098662441 /* CDVViewController+SplashScreen.h */ = {isa = PBXFileReference; explicitFileType = undefined; fileEncoding = 4; includeInIndex = 0; lastKnownFileType = sourcecode.c.h; name = "CDVViewController+SplashScreen.h"; path = "cordova-plugin-splashscreen/CDVViewController+SplashScreen.h"; sourceTree = "<group>"; };
		87C6CBE677954D13A167CF3E /* CDVFileTransfer.m */ = {isa = PBXFileReference; explicitFileType = undefined; fileEncoding = 4; includeInIndex = 0; lastKnownFileType = sourcecode.c.objc; name = CDVFileTransfer.m; path = "cordova-plugin-file-transfer/CDVFileTransfer.m"; sourceTree = "<group>"; };
		880C3D994E214B9E9DD7E8E6 /* GCMReceiverDelegate.h */ = {isa = PBXFileReference; explicitFileType = undefined; fileEncoding = 4; includeInIndex = 0; lastKnownFileType = sourcecode.c.h; name = GCMReceiverDelegate.h; path = "phonegap-plugin-push/GCM/Headers/GCMReceiverDelegate.h"; sourceTree = "<group>"; };
		8ADC9621AB9E49E3963E176F /* CDVInAppBrowser.m */ = {isa = PBXFileReference; explicitFileType = undefined; fileEncoding = 4; includeInIndex = 0; lastKnownFileType = sourcecode.c.objc; name = CDVInAppBrowser.m; path = "cordova-plugin-inappbrowser/CDVInAppBrowser.m"; sourceTree = "<group>"; };
		8D1107310486CEB800E47090 /* Ginger Coach-Info.plist */ = {isa = PBXFileReference; fileEncoding = 4; lastKnownFileType = text.plist.xml; name = "Ginger Coach-Info.plist"; path = "Ginger Coach/Ginger Coach-Info.plist"; plistStructureDefinitionIdentifier = "com.apple.xcode.plist.structure-definition.iphone.info-plist"; sourceTree = SOURCE_ROOT; };
		8D3303073086470AAC2F3275 /* Toast+UIView.m */ = {isa = PBXFileReference; explicitFileType = undefined; fileEncoding = 4; includeInIndex = 0; lastKnownFileType = sourcecode.c.objc; name = "Toast+UIView.m"; path = "cordova-plugin-x-toast/Toast+UIView.m"; sourceTree = "<group>"; };
		98AE27241E6749A6BBA5FF4E /* Toast.m */ = {isa = PBXFileReference; explicitFileType = undefined; fileEncoding = 4; includeInIndex = 0; lastKnownFileType = sourcecode.c.objc; name = Toast.m; path = "cordova-plugin-x-toast/Toast.m"; sourceTree = "<group>"; };
		A038D0BC3A4E4393A9626BBA /* UIImage+CropScaleOrientation.m */ = {isa = PBXFileReference; explicitFileType = undefined; fileEncoding = 4; includeInIndex = 0; lastKnownFileType = sourcecode.c.objc; name = "UIImage+CropScaleOrientation.m"; path = "cordova-plugin-camera/UIImage+CropScaleOrientation.m"; sourceTree = "<group>"; };
		A4537A5285D9410F860D1CEB /* CDVJpegHeaderWriter.m */ = {isa = PBXFileReference; explicitFileType = undefined; fileEncoding = 4; includeInIndex = 0; lastKnownFileType = sourcecode.c.objc; name = CDVJpegHeaderWriter.m; path = "cordova-plugin-camera/CDVJpegHeaderWriter.m"; sourceTree = "<group>"; };
		A6CC94A3A5CA4DF393DD06C5 /* APPBackgroundMode.h */ = {isa = PBXFileReference; explicitFileType = undefined; fileEncoding = 4; includeInIndex = 0; lastKnownFileType = sourcecode.c.h; name = APPBackgroundMode.h; path = "cordova-plugin-background-mode/APPBackgroundMode.h"; sourceTree = "<group>"; };
		A9C7A0E3490D4C2CB0C73035 /* libz.tbd */ = {isa = PBXFileReference; explicitFileType = undefined; fileEncoding = 9; includeInIndex = 0; lastKnownFileType = "sourcecode.text-based-dylib-definition"; name = libz.tbd; path = usr/lib/libz.tbd; sourceTree = SDKROOT; };
		AE1A591CE6EF499A8DCE5BD1 /* libGTM_UIFont+LineHeight.a */ = {isa = PBXFileReference; explicitFileType = undefined; fileEncoding = 9; includeInIndex = 0; lastKnownFileType = archive.ar; name = "libGTM_UIFont+LineHeight.a"; path = "Ginger Coach/Plugins/phonegap-plugin-push/GCM/Libraries/libGTM_UIFont+LineHeight.a"; sourceTree = "<group>"; };
		AE79D9D0DF804931AFA4E0D1 /* CDVInAppBrowser.h */ = {isa = PBXFileReference; explicitFileType = undefined; fileEncoding = 4; includeInIndex = 0; lastKnownFileType = sourcecode.c.h; name = CDVInAppBrowser.h; path = "cordova-plugin-inappbrowser/CDVInAppBrowser.h"; sourceTree = "<group>"; };
		B109FA82587748EDB1F0F100 /* CDVFile.h */ = {isa = PBXFileReference; explicitFileType = undefined; fileEncoding = 4; includeInIndex = 0; lastKnownFileType = sourcecode.c.h; name = CDVFile.h; path = "cordova-plugin-file/CDVFile.h"; sourceTree = "<group>"; };
		B7CE6DF67DCC45C1B156F6BC /* Toast.h */ = {isa = PBXFileReference; explicitFileType = undefined; fileEncoding = 4; includeInIndex = 0; lastKnownFileType = sourcecode.c.h; name = Toast.h; path = "cordova-plugin-x-toast/Toast.h"; sourceTree = "<group>"; };
		BA8F97370F4A48DF975F4765 /* libGcmLib.a */ = {isa = PBXFileReference; explicitFileType = undefined; fileEncoding = 9; includeInIndex = 0; lastKnownFileType = archive.ar; name = libGcmLib.a; path = "Ginger Coach/Plugins/phonegap-plugin-push/GCM/Libraries/libGcmLib.a"; sourceTree = "<group>"; };
		BCABC444F1204360BAA9023D /* AddressBook.framework */ = {isa = PBXFileReference; explicitFileType = undefined; fileEncoding = 9; includeInIndex = 0; lastKnownFileType = wrapper.framework; name = AddressBook.framework; path = System/Library/Frameworks/AddressBook.framework; sourceTree = SDKROOT; };
		BE39B71AA64A4806A4DC83F3 /* QuartzCore.framework */ = {isa = PBXFileReference; explicitFileType = undefined; fileEncoding = 9; includeInIndex = 0; lastKnownFileType = wrapper.framework; name = QuartzCore.framework; path = System/Library/Frameworks/QuartzCore.framework; sourceTree = SDKROOT; };
		BEC5B163E5E04CB98358B167 /* AVFoundation.framework */ = {isa = PBXFileReference; explicitFileType = undefined; fileEncoding = 9; includeInIndex = 0; lastKnownFileType = wrapper.framework; name = AVFoundation.framework; path = System/Library/Frameworks/AVFoundation.framework; sourceTree = SDKROOT; };
		C147E8E7F36C435BB9BE9F7F /* CDVSplashScreen.h */ = {isa = PBXFileReference; explicitFileType = undefined; fileEncoding = 4; includeInIndex = 0; lastKnownFileType = sourcecode.c.h; name = CDVSplashScreen.h; path = "cordova-plugin-splashscreen/CDVSplashScreen.h"; sourceTree = "<group>"; };
		C700560E741F498CA1AEE6E8 /* CDVKeyboard.h */ = {isa = PBXFileReference; explicitFileType = undefined; fileEncoding = 4; includeInIndex = 0; lastKnownFileType = sourcecode.c.h; name = CDVKeyboard.h; path = "cordova-plugin-keyboard/CDVKeyboard.h"; sourceTree = "<group>"; };
		C88C7AAB203C4A37860CC69B /* APPBackgroundMode.m */ = {isa = PBXFileReference; explicitFileType = undefined; fileEncoding = 4; includeInIndex = 0; lastKnownFileType = sourcecode.c.objc; name = APPBackgroundMode.m; path = "cordova-plugin-background-mode/APPBackgroundMode.m"; sourceTree = "<group>"; };
		CAAC1C4330F542879526820B /* libProtocolBuffers.a */ = {isa = PBXFileReference; explicitFileType = undefined; fileEncoding = 9; includeInIndex = 0; lastKnownFileType = archive.ar; name = libProtocolBuffers.a; path = "Ginger Coach/Plugins/phonegap-plugin-push/GCM/Libraries/libProtocolBuffers.a"; sourceTree = "<group>"; };
		D3ED4EC601224E16B2564C60 /* libGTM_NSData+zlib.a */ = {isa = PBXFileReference; explicitFileType = undefined; fileEncoding = 9; includeInIndex = 0; lastKnownFileType = archive.ar; name = "libGTM_NSData+zlib.a"; path = "Ginger Coach/Plugins/phonegap-plugin-push/GCM/Libraries/libGTM_NSData+zlib.a"; sourceTree = "<group>"; };
		D414F3A9836E4B71AFE5A918 /* GGLErrorCode.h */ = {isa = PBXFileReference; explicitFileType = undefined; fileEncoding = 4; includeInIndex = 0; lastKnownFileType = sourcecode.c.h; name = GGLErrorCode.h; path = "phonegap-plugin-push/GCM/Headers/GGLErrorCode.h"; sourceTree = "<group>"; };
		D6FC0CE82B914F7BB03A894F /* UIImage+CropScaleOrientation.h */ = {isa = PBXFileReference; explicitFileType = undefined; fileEncoding = 4; includeInIndex = 0; lastKnownFileType = sourcecode.c.h; name = "UIImage+CropScaleOrientation.h"; path = "cordova-plugin-camera/UIImage+CropScaleOrientation.h"; sourceTree = "<group>"; };
		D8B99DE47B5F4B50B74ECB2F /* CDVFileTransfer.h */ = {isa = PBXFileReference; explicitFileType = undefined; fileEncoding = 4; includeInIndex = 0; lastKnownFileType = sourcecode.c.h; name = CDVFileTransfer.h; path = "cordova-plugin-file-transfer/CDVFileTransfer.h"; sourceTree = "<group>"; };
		DDEB38FA950147C4AE34A2F0 /* GCMService.h */ = {isa = PBXFileReference; explicitFileType = undefined; fileEncoding = 4; includeInIndex = 0; lastKnownFileType = sourcecode.c.h; name = GCMService.h; path = "phonegap-plugin-push/GCM/Headers/GCMService.h"; sourceTree = "<group>"; };
		DE1B771F477D4B20A4035347 /* Core.h */ = {isa = PBXFileReference; explicitFileType = undefined; fileEncoding = 4; includeInIndex = 0; lastKnownFileType = sourcecode.c.h; name = Core.h; path = "phonegap-plugin-push/GCM/Headers/Core.h"; sourceTree = "<group>"; };
		E16B57EA7EC04E3EABB9FA48 /* GCMPubSub.h */ = {isa = PBXFileReference; explicitFileType = undefined; fileEncoding = 4; includeInIndex = 0; lastKnownFileType = sourcecode.c.h; name = GCMPubSub.h; path = "phonegap-plugin-push/GCM/Headers/GCMPubSub.h"; sourceTree = "<group>"; };
		E4A56B31DD204EA4BF9B79E3 /* CDVDevice.m */ = {isa = PBXFileReference; explicitFileType = undefined; fileEncoding = 4; includeInIndex = 0; lastKnownFileType = sourcecode.c.objc; name = CDVDevice.m; path = "cordova-plugin-device/CDVDevice.m"; sourceTree = "<group>"; };
		E4FBD14636BF4889BEE2D139 /* libGTM_NSDictionary+URLArguments.a */ = {isa = PBXFileReference; explicitFileType = undefined; fileEncoding = 9; includeInIndex = 0; lastKnownFileType = archive.ar; name = "libGTM_NSDictionary+URLArguments.a"; path = "Ginger Coach/Plugins/phonegap-plugin-push/GCM/Libraries/libGTM_NSDictionary+URLArguments.a"; sourceTree = "<group>"; };
		E7520D76203F45F4BA10F8B2 /* CDVFile.m */ = {isa = PBXFileReference; explicitFileType = undefined; fileEncoding = 4; includeInIndex = 0; lastKnownFileType = sourcecode.c.objc; name = CDVFile.m; path = "cordova-plugin-file/CDVFile.m"; sourceTree = "<group>"; };
		E81F4436056F4AE082CD403C /* libGGLCore.a */ = {isa = PBXFileReference; explicitFileType = undefined; fileEncoding = 9; includeInIndex = 0; lastKnownFileType = archive.ar; name = libGGLCore.a; path = "Ginger Coach/Plugins/phonegap-plugin-push/GCM/Libraries/libGGLCore.a"; sourceTree = "<group>"; };
		E9752B9CE5114F4D86128A94 /* libGTM_iPhone.a */ = {isa = PBXFileReference; explicitFileType = undefined; fileEncoding = 9; includeInIndex = 0; lastKnownFileType = archive.ar; name = libGTM_iPhone.a; path = "Ginger Coach/Plugins/phonegap-plugin-push/GCM/Libraries/libGTM_iPhone.a"; sourceTree = "<group>"; };
		EB87FDF31871DA8E0020F90C /* www */ = {isa = PBXFileReference; lastKnownFileType = folder; name = www; path = ../../www; sourceTree = "<group>"; };
		EB87FDF41871DAF40020F90C /* config.xml */ = {isa = PBXFileReference; lastKnownFileType = text.xml; name = config.xml; path = ../../config.xml; sourceTree = "<group>"; };
		ED33DF2A687741AEAF9F8254 /* Bridging-Header.h */ = {isa = PBXFileReference; fileEncoding = 4; lastKnownFileType = sourcecode.c.h; path = "Bridging-Header.h"; sourceTree = "<group>"; };
		F0ECB504502C4BBCBFB8A829 /* AppDelegate+notification.h */ = {isa = PBXFileReference; explicitFileType = undefined; fileEncoding = 4; includeInIndex = 0; lastKnownFileType = sourcecode.c.h; name = "AppDelegate+notification.h"; path = "phonegap-plugin-push/AppDelegate+notification.h"; sourceTree = "<group>"; };
		F10AF41420F448DBBB4BA9C9 /* CDVExif.h */ = {isa = PBXFileReference; explicitFileType = undefined; fileEncoding = 4; includeInIndex = 0; lastKnownFileType = sourcecode.c.h; name = CDVExif.h; path = "cordova-plugin-camera/CDVExif.h"; sourceTree = "<group>"; };
		F2309B8BFDF24FDC82C5C8E0 /* Toast+UIView.h */ = {isa = PBXFileReference; explicitFileType = undefined; fileEncoding = 4; includeInIndex = 0; lastKnownFileType = sourcecode.c.h; name = "Toast+UIView.h"; path = "cordova-plugin-x-toast/Toast+UIView.h"; sourceTree = "<group>"; };
		F4459600BF6D46528765CD07 /* CoreLocation.framework */ = {isa = PBXFileReference; explicitFileType = undefined; fileEncoding = 9; includeInIndex = 0; lastKnownFileType = wrapper.framework; name = CoreLocation.framework; path = System/Library/Frameworks/CoreLocation.framework; sourceTree = SDKROOT; };
		F840E1F0165FE0F500CFE078 /* config.xml */ = {isa = PBXFileReference; lastKnownFileType = text.xml; name = config.xml; path = "Ginger Coach/config.xml"; sourceTree = "<group>"; };
		FA8453C3DA6F4CE88F7C6AAB /* CDVAssetLibraryFilesystem.m */ = {isa = PBXFileReference; explicitFileType = undefined; fileEncoding = 4; includeInIndex = 0; lastKnownFileType = sourcecode.c.objc; name = CDVAssetLibraryFilesystem.m; path = "cordova-plugin-file/CDVAssetLibraryFilesystem.m"; sourceTree = "<group>"; };
		FC6FBA4FD19A4968AB370EA4 /* libGTMStackTrace.a */ = {isa = PBXFileReference; explicitFileType = undefined; fileEncoding = 9; includeInIndex = 0; lastKnownFileType = archive.ar; name = libGTMStackTrace.a; path = "Ginger Coach/Plugins/phonegap-plugin-push/GCM/Libraries/libGTMStackTrace.a"; sourceTree = "<group>"; };
/* End PBXFileReference section */

/* Begin PBXFrameworksBuildPhase section */
		1D60588F0D05DD3D006BFB54 /* Frameworks */ = {
			isa = PBXFrameworksBuildPhase;
			buildActionMask = 2147483647;
			files = (
				301BF552109A68D80062928A /* libCordova.a in Frameworks */,
				004E9463E586494EBDE5173A /* ImageIO.framework in Frameworks */,
				44AE186EA2614339A1D23731 /* CoreLocation.framework in Frameworks */,
				E7442B16491C4A50883E2954 /* AVFoundation.framework in Frameworks */,
				BB5861C59E7945749393010B /* QuartzCore.framework in Frameworks */,
				9B64BFCE7CA94743AD7C1CD1 /* libGGLCloudMessaging.a in Frameworks */,
				B377B51A1250494E91770E34 /* libGGLCore.a in Frameworks */,
				9BFB5482E3CE4F4AAC4F26BF /* libGGLInstanceIDLib.a in Frameworks */,
				51AFB86961FA4C5E837D3887 /* libGIP_Reachability.a in Frameworks */,
				02AFC779B1144D3DAA4740FE /* libGSDK_Overload.a in Frameworks */,
				B08CBE65B550474CAE71AC22 /* libGTMSessionFetcher_core.a in Frameworks */,
				04B8B7F5DF2A4617A2D1C998 /* libGTMSessionFetcher_full.a in Frameworks */,
				538740F84A604B7B8D144691 /* libGTMStackTrace.a in Frameworks */,
				13D1B7B8E4704F36B43B812B /* libGTM_AddressBook.a in Frameworks */,
				819CFB7129F14FBFBCB528AE /* libGTM_DebugUtils.a in Frameworks */,
				1D7D536807D3481890C24561 /* libGTM_GTMURLBuilder.a in Frameworks */,
				C10809B5F83043CA96C805A3 /* libGTM_KVO.a in Frameworks */,
				5CB8FAD3D89246EA83432026 /* libGTM_NSData+zlib.a in Frameworks */,
				1788BD26450C40A5B91777B1 /* libGTM_NSDictionary+URLArguments.a in Frameworks */,
				530B0367CA8648458FDFC035 /* libGTM_NSScannerJSON.a in Frameworks */,
				D8EC22EFF5494917B4310B8E /* libGTM_NSStringHTML.a in Frameworks */,
				EDB5AC80E47D406D8CAD608A /* libGTM_NSStringXML.a in Frameworks */,
				14AD58BD35904805A3E35D1F /* libGTM_Regex.a in Frameworks */,
				277D8A26B15E44C2BFC0CEBC /* libGTM_RoundedRectPath.a in Frameworks */,
				B3496D829A72435A83D1F9B3 /* libGTM_StringEncoding.a in Frameworks */,
				28652A1FE2694F939ADEC07A /* libGTM_SystemVersion.a in Frameworks */,
				EEF6CB0FB37149658EAC3882 /* libGTM_UIFont+LineHeight.a in Frameworks */,
				5EDAB6C46D0342DFA659E221 /* libGTM_core.a in Frameworks */,
				D1216189F7854A7CB5552F54 /* libGTM_iPhone.a in Frameworks */,
				6CF8240271EF4A499BF6D2A7 /* libGcmLib.a in Frameworks */,
				3ECBD97ACB2D4C479E9D290D /* libProtocolBuffers.a in Frameworks */,
				AA195C111783498487621AF5 /* AddressBook.framework in Frameworks */,
				F1E7E766DF3E4EF58DE16221 /* libsqlite3.tbd in Frameworks */,
				0FA21F634D594696ADBDD92D /* libz.tbd in Frameworks */,
			);
			runOnlyForDeploymentPostprocessing = 0;
		};
/* End PBXFrameworksBuildPhase section */

/* Begin PBXGroup section */
		080E96DDFE201D6D7F000001 /* Classes */ = {
			isa = PBXGroup;
			children = (
				302D95EE14D2391D003F00A1 /* MainViewController.h */,
				302D95EF14D2391D003F00A1 /* MainViewController.m */,
				302D95F014D2391D003F00A1 /* MainViewController.xib */,
				1D3623240D0F684500981E51 /* AppDelegate.h */,
				1D3623250D0F684500981E51 /* AppDelegate.m */,
			);
			name = Classes;
			path = "Ginger Coach/Classes";
			sourceTree = SOURCE_ROOT;
		};
		19C28FACFE9D520D11CA2CBB /* Products */ = {
			isa = PBXGroup;
			children = (
				1D6058910D05DD3D006BFB54 /* Ginger Coach.app */,
			);
			name = Products;
			sourceTree = "<group>";
		};
		29B97314FDCFA39411CA2CEA /* CustomTemplate */ = {
			isa = PBXGroup;
			children = (
				EB87FDF41871DAF40020F90C /* config.xml */,
				EB87FDF31871DA8E0020F90C /* www */,
				EB87FDF11871DA420020F90C /* Staging */,
				301BF52D109A57CC0062928A /* CordovaLib.xcodeproj */,
				080E96DDFE201D6D7F000001 /* Classes */,
				307C750510C5A3420062BCA9 /* Plugins */,
				29B97315FDCFA39411CA2CEA /* Other Sources */,
				29B97317FDCFA39411CA2CEA /* Resources */,
				29B97323FDCFA39411CA2CEA /* Frameworks */,
				19C28FACFE9D520D11CA2CBB /* Products */,
			);
			name = CustomTemplate;
			sourceTree = "<group>";
		};
		29B97315FDCFA39411CA2CEA /* Other Sources */ = {
			isa = PBXGroup;
			children = (
				32CA4F630368D1EE00C91783 /* Ginger Coach-Prefix.pch */,
				29B97316FDCFA39411CA2CEA /* main.m */,
				ED33DF2A687741AEAF9F8254 /* Bridging-Header.h */,
			);
			name = "Other Sources";
			path = "Ginger Coach";
			sourceTree = "<group>";
		};
		29B97317FDCFA39411CA2CEA /* Resources */ = {
			isa = PBXGroup;
			children = (
				0207DA571B56EA530066E2B4 /* Images.xcassets */,
				3047A50E1AB8057F00498E2A /* config */,
				8D1107310486CEB800E47090 /* Ginger Coach-Info.plist */,
				1E8775D2889441BD9D760ED9 /* appbeep.wav */,
			);
			name = Resources;
			path = "Ginger Coach/Resources";
			sourceTree = "<group>";
		};
		29B97323FDCFA39411CA2CEA /* Frameworks */ = {
			isa = PBXGroup;
			children = (
				75E7AAFBAC934410998931D4 /* ImageIO.framework */,
				F4459600BF6D46528765CD07 /* CoreLocation.framework */,
				BEC5B163E5E04CB98358B167 /* AVFoundation.framework */,
				BE39B71AA64A4806A4DC83F3 /* QuartzCore.framework */,
				6A6AB74DDF964A50A71627B3 /* libGGLCloudMessaging.a */,
				E81F4436056F4AE082CD403C /* libGGLCore.a */,
				1B214F3EDB1B41FEBB01ED57 /* libGGLInstanceIDLib.a */,
				738B97D6A61E43A5BD350E7C /* libGIP_Reachability.a */,
				3C944A7F9E8A4EA4A3D5A243 /* libGSDK_Overload.a */,
				21438470D6784B6A915524E2 /* libGTMSessionFetcher_core.a */,
				1DC6A077326E4E9D98DF75E6 /* libGTMSessionFetcher_full.a */,
				FC6FBA4FD19A4968AB370EA4 /* libGTMStackTrace.a */,
				658AAFA3385F439A9F61118E /* libGTM_AddressBook.a */,
				19BC0A24A756468C9EB05474 /* libGTM_DebugUtils.a */,
				087BBF9DF66F432CB8BB0CFC /* libGTM_GTMURLBuilder.a */,
				24CB16B45C004D97A2ACE99F /* libGTM_KVO.a */,
				D3ED4EC601224E16B2564C60 /* libGTM_NSData+zlib.a */,
				E4FBD14636BF4889BEE2D139 /* libGTM_NSDictionary+URLArguments.a */,
				2ADEF2CC25DB4332B2CC67D2 /* libGTM_NSScannerJSON.a */,
				1A0F6F6AA6894DF6A9AD6276 /* libGTM_NSStringHTML.a */,
				59C68905C5C64AE39892EF11 /* libGTM_NSStringXML.a */,
				791F5CF5D1BE44E89A580D58 /* libGTM_Regex.a */,
				65035C8C26AC4BEFB5C19BE5 /* libGTM_RoundedRectPath.a */,
				60963543423C483EBAB07E01 /* libGTM_StringEncoding.a */,
				07C1A6A1A43D4989A6D3C5DE /* libGTM_SystemVersion.a */,
				AE1A591CE6EF499A8DCE5BD1 /* libGTM_UIFont+LineHeight.a */,
				6DD8B19D28604323A74AFAF6 /* libGTM_core.a */,
				E9752B9CE5114F4D86128A94 /* libGTM_iPhone.a */,
				BA8F97370F4A48DF975F4765 /* libGcmLib.a */,
				CAAC1C4330F542879526820B /* libProtocolBuffers.a */,
				BCABC444F1204360BAA9023D /* AddressBook.framework */,
				3FD8DA515B0D42DABD7CCE57 /* libsqlite3.tbd */,
				A9C7A0E3490D4C2CB0C73035 /* libz.tbd */,
			);
			name = Frameworks;
			sourceTree = "<group>";
		};
		301BF52E109A57CC0062928A /* Products */ = {
			isa = PBXGroup;
			children = (
				301BF535109A57CC0062928A /* libCordova.a */,
			);
			name = Products;
			sourceTree = "<group>";
		};
		3047A50E1AB8057F00498E2A /* config */ = {
			isa = PBXGroup;
			children = (
				3047A50F1AB8059700498E2A /* build-debug.xcconfig */,
				3047A5101AB8059700498E2A /* build-release.xcconfig */,
				3047A5111AB8059700498E2A /* build.xcconfig */,
			);
			name = config;
			sourceTree = "<group>";
		};
		307C750510C5A3420062BCA9 /* Plugins */ = {
			isa = PBXGroup;
			children = (
				8ADC9621AB9E49E3963E176F /* CDVInAppBrowser.m */,
				AE79D9D0DF804931AFA4E0D1 /* CDVInAppBrowser.h */,
				E4A56B31DD204EA4BF9B79E3 /* CDVDevice.m */,
				1EBE03DAA20049C7BD5C4637 /* CDVDevice.h */,
				C88C7AAB203C4A37860CC69B /* APPBackgroundMode.m */,
				A6CC94A3A5CA4DF393DD06C5 /* APPBackgroundMode.h */,
				A038D0BC3A4E4393A9626BBA /* UIImage+CropScaleOrientation.m */,
				1D2325A0CC0241219E6E67D8 /* CDVCamera.m */,
				A4537A5285D9410F860D1CEB /* CDVJpegHeaderWriter.m */,
				D6FC0CE82B914F7BB03A894F /* UIImage+CropScaleOrientation.h */,
				418B3A83142D42CE81F2C20D /* CDVCamera.h */,
				0D891819A0E2458CA2F9B3A7 /* CDVJpegHeaderWriter.h */,
				F10AF41420F448DBBB4BA9C9 /* CDVExif.h */,
				36499B625D204F0F833EF708 /* CDVLogger.m */,
				2967E9C9D21F43988962CFDA /* CDVLogger.h */,
				E7520D76203F45F4BA10F8B2 /* CDVFile.m */,
				46AEBD20C55B460ABFCC3539 /* CDVLocalFilesystem.m */,
				FA8453C3DA6F4CE88F7C6AAB /* CDVAssetLibraryFilesystem.m */,
				B109FA82587748EDB1F0F100 /* CDVFile.h */,
				24031ECEA5AC4A15B9BDB97D /* CDVLocalFilesystem.h */,
				55DD24E45ED6408BADA4E7B3 /* CDVAssetLibraryFilesystem.h */,
				87C6CBE677954D13A167CF3E /* CDVFileTransfer.m */,
				D8B99DE47B5F4B50B74ECB2F /* CDVFileTransfer.h */,
				1D54AFF72FD94BEFB6296189 /* CDVSplashScreen.m */,
				13AB0D073F7F4708A844F259 /* CDVViewController+SplashScreen.m */,
				C147E8E7F36C435BB9BE9F7F /* CDVSplashScreen.h */,
				843C2E9391AA4A9098662441 /* CDVViewController+SplashScreen.h */,
				8D3303073086470AAC2F3275 /* Toast+UIView.m */,
				98AE27241E6749A6BBA5FF4E /* Toast.m */,
				F2309B8BFDF24FDC82C5C8E0 /* Toast+UIView.h */,
				B7CE6DF67DCC45C1B156F6BC /* Toast.h */,
				80A2DBAF9CE246A9B8E1F136 /* AppDelegate+notification.m */,
				653927AE9C264ECBB443E012 /* PushPlugin.m */,
				F0ECB504502C4BBCBFB8A829 /* AppDelegate+notification.h */,
				68618CDCFA2C4DB3B16E6656 /* PushPlugin.h */,
				74FEA49D02A94DB6BFB7B37D /* GGLInstanceID.h */,
				5334E1661F554EAA9B7A93F1 /* GGLInstanceIDConfig.h */,
				2DD5B5F5AB164F4CA3912C48 /* GGLInstanceIDDelegate.h */,
				7D845414859D4FA5BF594242 /* GGLInstanceIDHeaders.h */,
				47D9126D32634974AE35C8DF /* CloudMessaging.h */,
				2B8E31360ED9480A836653CD /* GGLContext+CloudMessaging.h */,
				DE1B771F477D4B20A4035347 /* Core.h */,
				766A1EECC5054C929ECF7507 /* GGLConfiguration.h */,
				580D69CF63304B58ADB67E70 /* GGLContext.h */,
				D414F3A9836E4B71AFE5A918 /* GGLErrorCode.h */,
				51DB18F8E6D346B9B0DDB780 /* GCMConfig.h */,
				E16B57EA7EC04E3EABB9FA48 /* GCMPubSub.h */,
				880C3D994E214B9E9DD7E8E6 /* GCMReceiverDelegate.h */,
				DDEB38FA950147C4AE34A2F0 /* GCMService.h */,
				74C4F8500645416CA2994AB0 /* GoogleCloudMessaging.h */,
				71F938B36A0B442C8734D1FD /* CDVKeyboard.m */,
				C700560E741F498CA1AEE6E8 /* CDVKeyboard.h */,
			);
			name = Plugins;
			path = "Ginger Coach/Plugins";
			sourceTree = SOURCE_ROOT;
		};
		EB87FDF11871DA420020F90C /* Staging */ = {
			isa = PBXGroup;
			children = (
				F840E1F0165FE0F500CFE078 /* config.xml */,
				301BF56E109A69640062928A /* www */,
			);
			name = Staging;
			sourceTree = "<group>";
		};
/* End PBXGroup section */

/* Begin PBXNativeTarget section */
		1D6058900D05DD3D006BFB54 /* Ginger Coach */ = {
			isa = PBXNativeTarget;
			buildConfigurationList = 1D6058960D05DD3E006BFB54 /* Build configuration list for PBXNativeTarget "Ginger Coach" */;
			buildPhases = (
				304B58A110DAC018002A0835 /* Copy www directory */,
				1D60588D0D05DD3D006BFB54 /* Resources */,
				1D60588E0D05DD3D006BFB54 /* Sources */,
				1D60588F0D05DD3D006BFB54 /* Frameworks */,
			);
			buildRules = (
			);
			dependencies = (
				301BF551109A68C00062928A /* PBXTargetDependency */,
			);
			name = "Ginger Coach";
			productName = "Ginger Coach";
			productReference = 1D6058910D05DD3D006BFB54 /* Ginger Coach.app */;
			productType = "com.apple.product-type.application";
		};
/* End PBXNativeTarget section */

/* Begin PBXProject section */
		29B97313FDCFA39411CA2CEA /* Project object */ = {
			isa = PBXProject;
			attributes = {
				LastUpgradeCheck = 510;
				TargetAttributes = {
					1D6058900D05DD3D006BFB54 = {
						DevelopmentTeam = AZC9Q526PS;
					};
				};
			};
			buildConfigurationList = C01FCF4E08A954540054247B /* Build configuration list for PBXProject "Ginger Coach" */;
			compatibilityVersion = "Xcode 3.2";
			developmentRegion = English;
			hasScannedForEncodings = 1;
			knownRegions = (
				en,
			);
			mainGroup = 29B97314FDCFA39411CA2CEA /* CustomTemplate */;
			projectDirPath = "";
			projectReferences = (
				{
					ProductGroup = 301BF52E109A57CC0062928A /* Products */;
					ProjectRef = 301BF52D109A57CC0062928A /* CordovaLib.xcodeproj */;
				},
			);
			projectRoot = "";
			targets = (
				1D6058900D05DD3D006BFB54 /* Ginger Coach */,
			);
		};
/* End PBXProject section */

/* Begin PBXReferenceProxy section */
		301BF535109A57CC0062928A /* libCordova.a */ = {
			isa = PBXReferenceProxy;
			fileType = archive.ar;
			path = libCordova.a;
			remoteRef = 301BF534109A57CC0062928A /* PBXContainerItemProxy */;
			sourceTree = BUILT_PRODUCTS_DIR;
		};
/* End PBXReferenceProxy section */

/* Begin PBXResourcesBuildPhase section */
		1D60588D0D05DD3D006BFB54 /* Resources */ = {
			isa = PBXResourcesBuildPhase;
			buildActionMask = 2147483647;
			files = (
				302D95F214D2391D003F00A1 /* MainViewController.xib in Resources */,
				0207DA581B56EA530066E2B4 /* Images.xcassets in Resources */,
				D9FC5697DCD44773992F7C1B /* appbeep.wav in Resources */,
			);
			runOnlyForDeploymentPostprocessing = 0;
		};
/* End PBXResourcesBuildPhase section */

/* Begin PBXShellScriptBuildPhase section */
		304B58A110DAC018002A0835 /* Copy www directory */ = {
			isa = PBXShellScriptBuildPhase;
			buildActionMask = 2147483647;
			files = (
			);
			inputPaths = (
			);
			name = "Copy www directory";
			outputPaths = (
			);
			runOnlyForDeploymentPostprocessing = 0;
			shellPath = /bin/sh;
			shellScript = "NODEJS_PATH=/usr/local/bin; NVM_NODE_PATH=~/.nvm/versions/node/`nvm version 2>/dev/null`/bin; N_NODE_PATH=`find /usr/local/n/versions/node/* -maxdepth 0 -type d 2>/dev/null | tail -1`/bin; XCODE_NODE_PATH=`xcode-select --print-path`/usr/share/xcs/Node/bin; PATH=$NODEJS_PATH:$NVM_NODE_PATH:$N_NODE_PATH:$XCODE_NODE_PATH:$PATH && node cordova/lib/copy-www-build-step.js";
			showEnvVarsInLog = 0;
		};
/* End PBXShellScriptBuildPhase section */

/* Begin PBXSourcesBuildPhase section */
		1D60588E0D05DD3D006BFB54 /* Sources */ = {
			isa = PBXSourcesBuildPhase;
			buildActionMask = 2147483647;
			files = (
				1D60589B0D05DD56006BFB54 /* main.m in Sources */,
				1D3623260D0F684500981E51 /* AppDelegate.m in Sources */,
				302D95F114D2391D003F00A1 /* MainViewController.m in Sources */,
				C0500AA9BE514979BA3C8B67 /* CDVInAppBrowser.m in Sources */,
				BE0019B90B834571BAD87DF5 /* CDVDevice.m in Sources */,
				764EA7D3DD134C90B5578217 /* APPBackgroundMode.m in Sources */,
				A8050CA54F8744AC91CA04B7 /* UIImage+CropScaleOrientation.m in Sources */,
				D715B7624F98438C8A2D0179 /* CDVCamera.m in Sources */,
				4E2F7C41FEB749D69EDA6DC6 /* CDVJpegHeaderWriter.m in Sources */,
				FCD13A32B1CE498295576F21 /* CDVLogger.m in Sources */,
				B08D7DE46684485CA3813E78 /* CDVFile.m in Sources */,
				6FC4AB53835D4471B427842C /* CDVLocalFilesystem.m in Sources */,
				0F112A8CF30D440BAFA0E460 /* CDVAssetLibraryFilesystem.m in Sources */,
				B7F843E17F124064857574E2 /* CDVFileTransfer.m in Sources */,
				C285572AD4884F4091D979C9 /* CDVSplashScreen.m in Sources */,
				C0EC59282D684707BCAE8199 /* CDVViewController+SplashScreen.m in Sources */,
				91EC1078FD4447A98E544393 /* Toast+UIView.m in Sources */,
				51D4410B39684865BA096460 /* Toast.m in Sources */,
				BE6911CD7C414EF1BE3A1EDB /* AppDelegate+notification.m in Sources */,
				06142E5D8F804212A8941255 /* PushPlugin.m in Sources */,
				1FF961E9CDFF4D1B88BF29DD /* CDVKeyboard.m in Sources */,
			);
			runOnlyForDeploymentPostprocessing = 0;
		};
/* End PBXSourcesBuildPhase section */

/* Begin PBXTargetDependency section */
		301BF551109A68C00062928A /* PBXTargetDependency */ = {
			isa = PBXTargetDependency;
			name = CordovaLib;
			targetProxy = 301BF550109A68C00062928A /* PBXContainerItemProxy */;
		};
/* End PBXTargetDependency section */

/* Begin XCBuildConfiguration section */
		1D6058940D05DD3E006BFB54 /* Debug */ = {
			isa = XCBuildConfiguration;
			baseConfigurationReference = 3047A50F1AB8059700498E2A /* build-debug.xcconfig */;
			buildSettings = {
				ALWAYS_SEARCH_USER_PATHS = NO;
				ASSETCATALOG_COMPILER_APPICON_NAME = AppIcon;
				ASSETCATALOG_COMPILER_LAUNCHIMAGE_NAME = LaunchImage;
				CLANG_ENABLE_MODULES = YES;
				CLANG_ENABLE_OBJC_ARC = YES;
				CODE_SIGN_IDENTITY = "iPhone Developer";
				COPY_PHASE_STRIP = NO;
				GCC_DYNAMIC_NO_PIC = NO;
				GCC_OPTIMIZATION_LEVEL = 0;
				GCC_PRECOMPILE_PREFIX_HEADER = YES;
				GCC_PREFIX_HEADER = "Ginger Coach/Ginger Coach-Prefix.pch";
				GCC_THUMB_SUPPORT = NO;
				GCC_VERSION = "";
				INFOPLIST_FILE = "Ginger Coach/Ginger Coach-Info.plist";
				IPHONEOS_DEPLOYMENT_TARGET = 9.3;
				LD_RUNPATH_SEARCH_PATHS = "@executable_path/Frameworks";
				LIBRARY_SEARCH_PATHS = (
					"$(inherited)",
					"\"$(SRCROOT)/Ginger Coach/Plugins/phonegap-plugin-push/GCM/Libraries\"",
					"\"$(SRCROOT)/Ginger Coach/Plugins/phonegap-plugin-push/GCM/Libraries\"",
					"\"$(SRCROOT)/Ginger Coach/Plugins/phonegap-plugin-push/GCM/Libraries\"",
					"\"$(SRCROOT)/Ginger Coach/Plugins/phonegap-plugin-push/GCM/Libraries\"",
					"\"$(SRCROOT)/Ginger Coach/Plugins/phonegap-plugin-push/GCM/Libraries\"",
					"\"$(SRCROOT)/Ginger Coach/Plugins/phonegap-plugin-push/GCM/Libraries\"",
					"\"$(SRCROOT)/Ginger Coach/Plugins/phonegap-plugin-push/GCM/Libraries\"",
					"\"$(SRCROOT)/Ginger Coach/Plugins/phonegap-plugin-push/GCM/Libraries\"",
					"\"$(SRCROOT)/Ginger Coach/Plugins/phonegap-plugin-push/GCM/Libraries\"",
					"\"$(SRCROOT)/Ginger Coach/Plugins/phonegap-plugin-push/GCM/Libraries\"",
					"\"$(SRCROOT)/Ginger Coach/Plugins/phonegap-plugin-push/GCM/Libraries\"",
					"\"$(SRCROOT)/Ginger Coach/Plugins/phonegap-plugin-push/GCM/Libraries\"",
					"\"$(SRCROOT)/Ginger Coach/Plugins/phonegap-plugin-push/GCM/Libraries\"",
					"\"$(SRCROOT)/Ginger Coach/Plugins/phonegap-plugin-push/GCM/Libraries\"",
					"\"$(SRCROOT)/Ginger Coach/Plugins/phonegap-plugin-push/GCM/Libraries\"",
					"\"$(SRCROOT)/Ginger Coach/Plugins/phonegap-plugin-push/GCM/Libraries\"",
					"\"$(SRCROOT)/Ginger Coach/Plugins/phonegap-plugin-push/GCM/Libraries\"",
					"\"$(SRCROOT)/Ginger Coach/Plugins/phonegap-plugin-push/GCM/Libraries\"",
					"\"$(SRCROOT)/Ginger Coach/Plugins/phonegap-plugin-push/GCM/Libraries\"",
					"\"$(SRCROOT)/Ginger Coach/Plugins/phonegap-plugin-push/GCM/Libraries\"",
					"\"$(SRCROOT)/Ginger Coach/Plugins/phonegap-plugin-push/GCM/Libraries\"",
					"\"$(SRCROOT)/Ginger Coach/Plugins/phonegap-plugin-push/GCM/Libraries\"",
					"\"$(SRCROOT)/Ginger Coach/Plugins/phonegap-plugin-push/GCM/Libraries\"",
					"\"$(SRCROOT)/Ginger Coach/Plugins/phonegap-plugin-push/GCM/Libraries\"",
					"\"$(SRCROOT)/Ginger Coach/Plugins/phonegap-plugin-push/GCM/Libraries\"",
					"\"$(SRCROOT)/Ginger Coach/Plugins/phonegap-plugin-push/GCM/Libraries\"",
				);
				PRODUCT_BUNDLE_IDENTIFIER = com.ginger.coach;
				PRODUCT_NAME = "Ginger Coach";
				TARGETED_DEVICE_FAMILY = 1;
			};
			name = Debug;
		};
		1D6058950D05DD3E006BFB54 /* Release */ = {
			isa = XCBuildConfiguration;
			baseConfigurationReference = 3047A5101AB8059700498E2A /* build-release.xcconfig */;
			buildSettings = {
				ALWAYS_SEARCH_USER_PATHS = NO;
				ASSETCATALOG_COMPILER_APPICON_NAME = AppIcon;
				ASSETCATALOG_COMPILER_LAUNCHIMAGE_NAME = LaunchImage;
				CLANG_ENABLE_MODULES = YES;
				CLANG_ENABLE_OBJC_ARC = YES;
				CODE_SIGN_IDENTITY = "iPhone Developer";
				COPY_PHASE_STRIP = YES;
				GCC_PRECOMPILE_PREFIX_HEADER = YES;
				GCC_PREFIX_HEADER = "Ginger Coach/Ginger Coach-Prefix.pch";
				GCC_THUMB_SUPPORT = NO;
				GCC_VERSION = "";
				INFOPLIST_FILE = "Ginger Coach/Ginger Coach-Info.plist";
				IPHONEOS_DEPLOYMENT_TARGET = 9.3;
				LIBRARY_SEARCH_PATHS = (
					"$(inherited)",
					"\"$(SRCROOT)/Ginger Coach/Plugins/phonegap-plugin-push/GCM/Libraries\"",
					"\"$(SRCROOT)/Ginger Coach/Plugins/phonegap-plugin-push/GCM/Libraries\"",
					"\"$(SRCROOT)/Ginger Coach/Plugins/phonegap-plugin-push/GCM/Libraries\"",
					"\"$(SRCROOT)/Ginger Coach/Plugins/phonegap-plugin-push/GCM/Libraries\"",
					"\"$(SRCROOT)/Ginger Coach/Plugins/phonegap-plugin-push/GCM/Libraries\"",
					"\"$(SRCROOT)/Ginger Coach/Plugins/phonegap-plugin-push/GCM/Libraries\"",
					"\"$(SRCROOT)/Ginger Coach/Plugins/phonegap-plugin-push/GCM/Libraries\"",
					"\"$(SRCROOT)/Ginger Coach/Plugins/phonegap-plugin-push/GCM/Libraries\"",
					"\"$(SRCROOT)/Ginger Coach/Plugins/phonegap-plugin-push/GCM/Libraries\"",
					"\"$(SRCROOT)/Ginger Coach/Plugins/phonegap-plugin-push/GCM/Libraries\"",
					"\"$(SRCROOT)/Ginger Coach/Plugins/phonegap-plugin-push/GCM/Libraries\"",
					"\"$(SRCROOT)/Ginger Coach/Plugins/phonegap-plugin-push/GCM/Libraries\"",
					"\"$(SRCROOT)/Ginger Coach/Plugins/phonegap-plugin-push/GCM/Libraries\"",
					"\"$(SRCROOT)/Ginger Coach/Plugins/phonegap-plugin-push/GCM/Libraries\"",
					"\"$(SRCROOT)/Ginger Coach/Plugins/phonegap-plugin-push/GCM/Libraries\"",
					"\"$(SRCROOT)/Ginger Coach/Plugins/phonegap-plugin-push/GCM/Libraries\"",
					"\"$(SRCROOT)/Ginger Coach/Plugins/phonegap-plugin-push/GCM/Libraries\"",
					"\"$(SRCROOT)/Ginger Coach/Plugins/phonegap-plugin-push/GCM/Libraries\"",
					"\"$(SRCROOT)/Ginger Coach/Plugins/phonegap-plugin-push/GCM/Libraries\"",
					"\"$(SRCROOT)/Ginger Coach/Plugins/phonegap-plugin-push/GCM/Libraries\"",
					"\"$(SRCROOT)/Ginger Coach/Plugins/phonegap-plugin-push/GCM/Libraries\"",
					"\"$(SRCROOT)/Ginger Coach/Plugins/phonegap-plugin-push/GCM/Libraries\"",
					"\"$(SRCROOT)/Ginger Coach/Plugins/phonegap-plugin-push/GCM/Libraries\"",
					"\"$(SRCROOT)/Ginger Coach/Plugins/phonegap-plugin-push/GCM/Libraries\"",
					"\"$(SRCROOT)/Ginger Coach/Plugins/phonegap-plugin-push/GCM/Libraries\"",
					"\"$(SRCROOT)/Ginger Coach/Plugins/phonegap-plugin-push/GCM/Libraries\"",
				);
				PRODUCT_BUNDLE_IDENTIFIER = com.ginger.coach;
				PRODUCT_NAME = "Ginger Coach";
				TARGETED_DEVICE_FAMILY = 1;
			};
			name = Release;
		};
		C01FCF4F08A954540054247B /* Debug */ = {
			isa = XCBuildConfiguration;
			baseConfigurationReference = 3047A5111AB8059700498E2A /* build.xcconfig */;
			buildSettings = {
				CLANG_ENABLE_MODULES = YES;
				CLANG_ENABLE_OBJC_ARC = YES;
				CLANG_WARN_BOOL_CONVERSION = YES;
				CLANG_WARN_CONSTANT_CONVERSION = YES;
				CLANG_WARN_EMPTY_BODY = YES;
				CLANG_WARN_ENUM_CONVERSION = YES;
				CLANG_WARN_INT_CONVERSION = YES;
				CLANG_WARN__DUPLICATE_METHOD_MATCH = YES;
				GCC_C_LANGUAGE_STANDARD = c99;
				GCC_THUMB_SUPPORT = NO;
				GCC_VERSION = "";
				GCC_WARN_ABOUT_RETURN_TYPE = YES;
				GCC_WARN_UNDECLARED_SELECTOR = YES;
				GCC_WARN_UNINITIALIZED_AUTOS = YES;
				GCC_WARN_UNUSED_FUNCTION = YES;
				GCC_WARN_UNUSED_VARIABLE = YES;
				LIBRARY_SEARCH_PATHS = (
					"$(inherited)",
					"\"$(SRCROOT)/Ginger Coach/Plugins/phonegap-plugin-push/GCM/Libraries\"",
					"\"$(SRCROOT)/Ginger Coach/Plugins/phonegap-plugin-push/GCM/Libraries\"",
					"\"$(SRCROOT)/Ginger Coach/Plugins/phonegap-plugin-push/GCM/Libraries\"",
					"\"$(SRCROOT)/Ginger Coach/Plugins/phonegap-plugin-push/GCM/Libraries\"",
					"\"$(SRCROOT)/Ginger Coach/Plugins/phonegap-plugin-push/GCM/Libraries\"",
					"\"$(SRCROOT)/Ginger Coach/Plugins/phonegap-plugin-push/GCM/Libraries\"",
					"\"$(SRCROOT)/Ginger Coach/Plugins/phonegap-plugin-push/GCM/Libraries\"",
					"\"$(SRCROOT)/Ginger Coach/Plugins/phonegap-plugin-push/GCM/Libraries\"",
					"\"$(SRCROOT)/Ginger Coach/Plugins/phonegap-plugin-push/GCM/Libraries\"",
					"\"$(SRCROOT)/Ginger Coach/Plugins/phonegap-plugin-push/GCM/Libraries\"",
					"\"$(SRCROOT)/Ginger Coach/Plugins/phonegap-plugin-push/GCM/Libraries\"",
					"\"$(SRCROOT)/Ginger Coach/Plugins/phonegap-plugin-push/GCM/Libraries\"",
					"\"$(SRCROOT)/Ginger Coach/Plugins/phonegap-plugin-push/GCM/Libraries\"",
					"\"$(SRCROOT)/Ginger Coach/Plugins/phonegap-plugin-push/GCM/Libraries\"",
					"\"$(SRCROOT)/Ginger Coach/Plugins/phonegap-plugin-push/GCM/Libraries\"",
					"\"$(SRCROOT)/Ginger Coach/Plugins/phonegap-plugin-push/GCM/Libraries\"",
					"\"$(SRCROOT)/Ginger Coach/Plugins/phonegap-plugin-push/GCM/Libraries\"",
					"\"$(SRCROOT)/Ginger Coach/Plugins/phonegap-plugin-push/GCM/Libraries\"",
					"\"$(SRCROOT)/Ginger Coach/Plugins/phonegap-plugin-push/GCM/Libraries\"",
					"\"$(SRCROOT)/Ginger Coach/Plugins/phonegap-plugin-push/GCM/Libraries\"",
					"\"$(SRCROOT)/Ginger Coach/Plugins/phonegap-plugin-push/GCM/Libraries\"",
					"\"$(SRCROOT)/Ginger Coach/Plugins/phonegap-plugin-push/GCM/Libraries\"",
					"\"$(SRCROOT)/Ginger Coach/Plugins/phonegap-plugin-push/GCM/Libraries\"",
					"\"$(SRCROOT)/Ginger Coach/Plugins/phonegap-plugin-push/GCM/Libraries\"",
					"\"$(SRCROOT)/Ginger Coach/Plugins/phonegap-plugin-push/GCM/Libraries\"",
					"\"$(SRCROOT)/Ginger Coach/Plugins/phonegap-plugin-push/GCM/Libraries\"",
				);
				ONLY_ACTIVE_ARCH = YES;
				PRODUCT_NAME = "Ginger Coach";
				SDKROOT = iphoneos;
				SKIP_INSTALL = NO;
			};
			name = Debug;
		};
		C01FCF5008A954540054247B /* Release */ = {
			isa = XCBuildConfiguration;
			baseConfigurationReference = 3047A5111AB8059700498E2A /* build.xcconfig */;
			buildSettings = {
				CLANG_ENABLE_MODULES = YES;
				CLANG_ENABLE_OBJC_ARC = YES;
				CLANG_WARN_BOOL_CONVERSION = YES;
				CLANG_WARN_CONSTANT_CONVERSION = YES;
				CLANG_WARN_EMPTY_BODY = YES;
				CLANG_WARN_ENUM_CONVERSION = YES;
				CLANG_WARN_INT_CONVERSION = YES;
				CLANG_WARN__DUPLICATE_METHOD_MATCH = YES;
				GCC_C_LANGUAGE_STANDARD = c99;
				GCC_THUMB_SUPPORT = NO;
				GCC_VERSION = "";
				GCC_WARN_ABOUT_RETURN_TYPE = YES;
				GCC_WARN_UNDECLARED_SELECTOR = YES;
				GCC_WARN_UNINITIALIZED_AUTOS = YES;
				GCC_WARN_UNUSED_FUNCTION = YES;
				GCC_WARN_UNUSED_VARIABLE = YES;
				LIBRARY_SEARCH_PATHS = (
					"$(inherited)",
					"\"$(SRCROOT)/Ginger Coach/Plugins/phonegap-plugin-push/GCM/Libraries\"",
					"\"$(SRCROOT)/Ginger Coach/Plugins/phonegap-plugin-push/GCM/Libraries\"",
					"\"$(SRCROOT)/Ginger Coach/Plugins/phonegap-plugin-push/GCM/Libraries\"",
					"\"$(SRCROOT)/Ginger Coach/Plugins/phonegap-plugin-push/GCM/Libraries\"",
					"\"$(SRCROOT)/Ginger Coach/Plugins/phonegap-plugin-push/GCM/Libraries\"",
					"\"$(SRCROOT)/Ginger Coach/Plugins/phonegap-plugin-push/GCM/Libraries\"",
					"\"$(SRCROOT)/Ginger Coach/Plugins/phonegap-plugin-push/GCM/Libraries\"",
					"\"$(SRCROOT)/Ginger Coach/Plugins/phonegap-plugin-push/GCM/Libraries\"",
					"\"$(SRCROOT)/Ginger Coach/Plugins/phonegap-plugin-push/GCM/Libraries\"",
					"\"$(SRCROOT)/Ginger Coach/Plugins/phonegap-plugin-push/GCM/Libraries\"",
					"\"$(SRCROOT)/Ginger Coach/Plugins/phonegap-plugin-push/GCM/Libraries\"",
					"\"$(SRCROOT)/Ginger Coach/Plugins/phonegap-plugin-push/GCM/Libraries\"",
					"\"$(SRCROOT)/Ginger Coach/Plugins/phonegap-plugin-push/GCM/Libraries\"",
					"\"$(SRCROOT)/Ginger Coach/Plugins/phonegap-plugin-push/GCM/Libraries\"",
					"\"$(SRCROOT)/Ginger Coach/Plugins/phonegap-plugin-push/GCM/Libraries\"",
					"\"$(SRCROOT)/Ginger Coach/Plugins/phonegap-plugin-push/GCM/Libraries\"",
					"\"$(SRCROOT)/Ginger Coach/Plugins/phonegap-plugin-push/GCM/Libraries\"",
					"\"$(SRCROOT)/Ginger Coach/Plugins/phonegap-plugin-push/GCM/Libraries\"",
					"\"$(SRCROOT)/Ginger Coach/Plugins/phonegap-plugin-push/GCM/Libraries\"",
					"\"$(SRCROOT)/Ginger Coach/Plugins/phonegap-plugin-push/GCM/Libraries\"",
					"\"$(SRCROOT)/Ginger Coach/Plugins/phonegap-plugin-push/GCM/Libraries\"",
					"\"$(SRCROOT)/Ginger Coach/Plugins/phonegap-plugin-push/GCM/Libraries\"",
					"\"$(SRCROOT)/Ginger Coach/Plugins/phonegap-plugin-push/GCM/Libraries\"",
					"\"$(SRCROOT)/Ginger Coach/Plugins/phonegap-plugin-push/GCM/Libraries\"",
					"\"$(SRCROOT)/Ginger Coach/Plugins/phonegap-plugin-push/GCM/Libraries\"",
					"\"$(SRCROOT)/Ginger Coach/Plugins/phonegap-plugin-push/GCM/Libraries\"",
				);
				PRODUCT_NAME = "Ginger Coach";
				SDKROOT = iphoneos;
				SKIP_INSTALL = NO;
			};
			name = Release;
		};
/* End XCBuildConfiguration section */

/* Begin XCConfigurationList section */
		1D6058960D05DD3E006BFB54 /* Build configuration list for PBXNativeTarget "Ginger Coach" */ = {
			isa = XCConfigurationList;
			buildConfigurations = (
				1D6058940D05DD3E006BFB54 /* Debug */,
				1D6058950D05DD3E006BFB54 /* Release */,
			);
			defaultConfigurationIsVisible = 0;
			defaultConfigurationName = Release;
		};
		C01FCF4E08A954540054247B /* Build configuration list for PBXProject "Ginger Coach" */ = {
			isa = XCConfigurationList;
			buildConfigurations = (
				C01FCF4F08A954540054247B /* Debug */,
				C01FCF5008A954540054247B /* Release */,
			);
			defaultConfigurationIsVisible = 0;
			defaultConfigurationName = Release;
		};
/* End XCConfigurationList section */
	};
	rootObject = 29B97313FDCFA39411CA2CEA /* Project object */;
}
