// !$*UTF8*$!
{
	archiveVersion = 1;
	classes = {
	};
	objectVersion = 46;
	objects = {

/* Begin PBXBuildFile section */
		0207DA581B56EA530066E2B4 /* Images.xcassets in Resources */ = {isa = PBXBuildFile; fileRef = 0207DA571B56EA530066E2B4 /* Images.xcassets */; };
		039463A6F5594086A7F42916 /* libGTM_StringEncoding.a in Frameworks */ = {isa = PBXBuildFile; fileRef = 5E575F27B9C148C380D37D7B /* libGTM_StringEncoding.a */; };
		089D6A98EE8F40BD85D16293 /* appbeep.wav in Resources */ = {isa = PBXBuildFile; fileRef = 683DB4C40DDB49048E2EF0D6 /* appbeep.wav */; };
		1675C86CB7094CD4BCAA71AF /* Toast+UIView.m in Sources */ = {isa = PBXBuildFile; fileRef = 4F448764DAFE4B4097E3EE18 /* Toast+UIView.m */; };
		1D3623260D0F684500981E51 /* AppDelegate.m in Sources */ = {isa = PBXBuildFile; fileRef = 1D3623250D0F684500981E51 /* AppDelegate.m */; };
		1D60589B0D05DD56006BFB54 /* main.m in Sources */ = {isa = PBXBuildFile; fileRef = 29B97316FDCFA39411CA2CEA /* main.m */; };
		1F71B2BA3611474ABC6A0AB8 /* CDVFileTransfer.m in Sources */ = {isa = PBXBuildFile; fileRef = A791CD87A6B947DA88603149 /* CDVFileTransfer.m */; };
		1FEFFD8A94554E108F128F8F /* libGSDK_Overload.a in Frameworks */ = {isa = PBXBuildFile; fileRef = CB8D3A7D8E5C4B96B5751D56 /* libGSDK_Overload.a */; };
		218C44DDC0E849A28801DD54 /* libGTM_SystemVersion.a in Frameworks */ = {isa = PBXBuildFile; fileRef = 4C448B883A2A4D4CB739E65D /* libGTM_SystemVersion.a */; };
		238535BB65E04C42A77D6061 /* libGTM_core.a in Frameworks */ = {isa = PBXBuildFile; fileRef = 05A59016772949D99B62F30F /* libGTM_core.a */; };
		262054E27E3D47C5B9E1C1D3 /* CDVKeyboard.m in Sources */ = {isa = PBXBuildFile; fileRef = F7B86F51C4FF486F91C6726A /* CDVKeyboard.m */; };
		26714B5264F84F4BA9ADB152 /* libsqlite3.tbd in Frameworks */ = {isa = PBXBuildFile; fileRef = 6FFEFFB570474F088EC03933 /* libsqlite3.tbd */; };
		283A739BEB0140A3B64C9A1B /* AVFoundation.framework in Frameworks */ = {isa = PBXBuildFile; fileRef = 970361DFD0AC46548C1B7173 /* AVFoundation.framework */; };
		301BF552109A68D80062928A /* libCordova.a in Frameworks */ = {isa = PBXBuildFile; fileRef = 301BF535109A57CC0062928A /* libCordova.a */; };
		302D95F114D2391D003F00A1 /* MainViewController.m in Sources */ = {isa = PBXBuildFile; fileRef = 302D95EF14D2391D003F00A1 /* MainViewController.m */; };
		302D95F214D2391D003F00A1 /* MainViewController.xib in Resources */ = {isa = PBXBuildFile; fileRef = 302D95F014D2391D003F00A1 /* MainViewController.xib */; };
		37B5838E2AE0495485C4EB8F /* libGTM_NSScannerJSON.a in Frameworks */ = {isa = PBXBuildFile; fileRef = 051EE30BAA024B639A4810AE /* libGTM_NSScannerJSON.a */; };
		3B8C5AA70DC9457E9D9FAD44 /* CoreLocation.framework in Frameworks */ = {isa = PBXBuildFile; fileRef = 062C44AAE24346B6BBD338F0 /* CoreLocation.framework */; };
		41732D9D83824BC19071E702 /* libGIP_Reachability.a in Frameworks */ = {isa = PBXBuildFile; fileRef = BB381040A5C04FDE9D405BEC /* libGIP_Reachability.a */; };
		420E74F48B8947A8BE51B90A /* AddressBook.framework in Frameworks */ = {isa = PBXBuildFile; fileRef = BAF2CA5DFE544A79AA040F1E /* AddressBook.framework */; };
		47A57A40409D4C7BBAF621A6 /* libGTM_iPhone.a in Frameworks */ = {isa = PBXBuildFile; fileRef = 6C9A671068A346CAAF42F69B /* libGTM_iPhone.a */; };
		59BD3FA0197D434394941D3F /* CDVInAppBrowser.m in Sources */ = {isa = PBXBuildFile; fileRef = D46568D955B04FC7B1D03DCA /* CDVInAppBrowser.m */; };
		65FCE6EC38E343A5BDCE7F5B /* PushPlugin.m in Sources */ = {isa = PBXBuildFile; fileRef = 1B4F1BA07FFB4C87A40BBE8D /* PushPlugin.m */; };
		69FA9CB56C44425794E00344 /* APPBackgroundMode.m in Sources */ = {isa = PBXBuildFile; fileRef = 4868F006B2CB48B2B09517CB /* APPBackgroundMode.m */; };
		69FF60EA3891463FB2B515E6 /* libGTM_DebugUtils.a in Frameworks */ = {isa = PBXBuildFile; fileRef = 8EA0578117E949959A3FE0B1 /* libGTM_DebugUtils.a */; };
		6BDF52AC9458475CA09DB9EE /* libGTMSessionFetcher_full.a in Frameworks */ = {isa = PBXBuildFile; fileRef = 8D08B23BA1854C1F9AE3F425 /* libGTMSessionFetcher_full.a */; };
		6CC1D18A0A7D4D3882F2A5B2 /* CDVLocalFilesystem.m in Sources */ = {isa = PBXBuildFile; fileRef = 5D2CA81D41BB41F9B5760228 /* CDVLocalFilesystem.m */; };
		6F4105627F3F47BBBD52FB7A /* libz.tbd in Frameworks */ = {isa = PBXBuildFile; fileRef = 8CFEA7E0226D4396814320E8 /* libz.tbd */; };
		82795255D8804321B3A433BC /* libGTM_AddressBook.a in Frameworks */ = {isa = PBXBuildFile; fileRef = A4E022F8E99148638809E64A /* libGTM_AddressBook.a */; };
		89925DDD02AD418185B3A967 /* QuartzCore.framework in Frameworks */ = {isa = PBXBuildFile; fileRef = 34E13560BB1D49E8A0FD2A6F /* QuartzCore.framework */; };
		8AAC9FBAA54F4BCC87CB6375 /* libGTM_UIFont+LineHeight.a in Frameworks */ = {isa = PBXBuildFile; fileRef = C2AA51C2C1ED4F90BCA6293A /* libGTM_UIFont+LineHeight.a */; };
		8C45AC1CA8C3432CB3DCDBFD /* CDVDevice.m in Sources */ = {isa = PBXBuildFile; fileRef = 64B2C29F6F244B4B882C0861 /* CDVDevice.m */; };
		8E661B572E004D9EA9338193 /* libGTM_Regex.a in Frameworks */ = {isa = PBXBuildFile; fileRef = 8A124F0786E640848FC395FC /* libGTM_Regex.a */; };
		96651D3416FF4A8BA6FEB22B /* CDVAssetLibraryFilesystem.m in Sources */ = {isa = PBXBuildFile; fileRef = D4B4468AFB084598911ADF78 /* CDVAssetLibraryFilesystem.m */; };
		984C5D58FFBC4C9FA880E601 /* CDVFile.m in Sources */ = {isa = PBXBuildFile; fileRef = 260C9C29F85F44A7A1E50509 /* CDVFile.m */; };
		9BA66344DFF54CBEA644CE4A /* libGGLCloudMessaging.a in Frameworks */ = {isa = PBXBuildFile; fileRef = FE47003A668B4B309B2DCC85 /* libGGLCloudMessaging.a */; };
		9FE3E7A520304D7EAF2DE4FA /* libGTM_GTMURLBuilder.a in Frameworks */ = {isa = PBXBuildFile; fileRef = A54CB46047F14A8BB1534187 /* libGTM_GTMURLBuilder.a */; };
		A2CCDEB50ADA483889EE2902 /* libGTMSessionFetcher_core.a in Frameworks */ = {isa = PBXBuildFile; fileRef = B67D16AFCC164053B205FF08 /* libGTMSessionFetcher_core.a */; };
		A94E00FA63134345B8FBF23F /* Toast.m in Sources */ = {isa = PBXBuildFile; fileRef = 5DF0048E8D654DB986964188 /* Toast.m */; };
		B1FD5E01F03844829E300493 /* libGGLCore.a in Frameworks */ = {isa = PBXBuildFile; fileRef = 4B2ABFBF608241279A809586 /* libGGLCore.a */; };
		B52C27E21FB14D14B8D21150 /* CDVCamera.m in Sources */ = {isa = PBXBuildFile; fileRef = 31260E9D5281401FBFAB7309 /* CDVCamera.m */; };
		B6BF27401D884C29A5ED8A2A /* libGTM_NSStringHTML.a in Frameworks */ = {isa = PBXBuildFile; fileRef = 7E97825ACBF34EFCA981D020 /* libGTM_NSStringHTML.a */; };
		B72D1B0B9DF9425A86B58E40 /* ImageIO.framework in Frameworks */ = {isa = PBXBuildFile; fileRef = 3D358FA0636B4D75B8D248E8 /* ImageIO.framework */; settings = {ATTRIBUTES = (Weak, ); }; };
		BF812A5659664CD98CE8835E /* CDVViewController+SplashScreen.m in Sources */ = {isa = PBXBuildFile; fileRef = EE0239A402BC45B3A1C7DB2F /* CDVViewController+SplashScreen.m */; };
		C11DDA8589D4434ABB2F70AA /* libGTM_KVO.a in Frameworks */ = {isa = PBXBuildFile; fileRef = 38912328015C4A17AC1474A1 /* libGTM_KVO.a */; };
		C1476831028A47199D3A642A /* CDVLogger.m in Sources */ = {isa = PBXBuildFile; fileRef = 963CF5D71DAF4D229FEE2F0F /* CDVLogger.m */; };
		C600DCB3596348C89E981AB9 /* CDVSplashScreen.m in Sources */ = {isa = PBXBuildFile; fileRef = FFA85BB9DDFF4FD0920C3929 /* CDVSplashScreen.m */; };
		CE8D44D114234A02A78D621B /* libGGLInstanceIDLib.a in Frameworks */ = {isa = PBXBuildFile; fileRef = B8CB094BFACD4373B5A0467C /* libGGLInstanceIDLib.a */; };
		D2FA8E574A3F4052BEEB9693 /* libGcmLib.a in Frameworks */ = {isa = PBXBuildFile; fileRef = 1520A258580845E7A57066F4 /* libGcmLib.a */; };
		D392ED3315434C7EA109E337 /* libProtocolBuffers.a in Frameworks */ = {isa = PBXBuildFile; fileRef = 75B7320C0E284F3A80C856BB /* libProtocolBuffers.a */; };
		D777C5934AC444A790D53A71 /* libGTMStackTrace.a in Frameworks */ = {isa = PBXBuildFile; fileRef = 53FF629E2A8948919F5C835B /* libGTMStackTrace.a */; };
		E447549EC67141B5812159DA /* AppDelegate+notification.m in Sources */ = {isa = PBXBuildFile; fileRef = DB95C606819A474A8E2D9698 /* AppDelegate+notification.m */; };
		E79ABBA1725240B990682C61 /* libGTM_RoundedRectPath.a in Frameworks */ = {isa = PBXBuildFile; fileRef = 47E8E93CF8724CC2A20AE04A /* libGTM_RoundedRectPath.a */; };
		E813B546F23B4CBE9CE48F7B /* libGTM_NSData+zlib.a in Frameworks */ = {isa = PBXBuildFile; fileRef = 19D28E0293D942D79B06F722 /* libGTM_NSData+zlib.a */; };
		F022D4F153224B57A8C989C0 /* libGTM_NSDictionary+URLArguments.a in Frameworks */ = {isa = PBXBuildFile; fileRef = CBB9D4E1A71F453F8CDC3E41 /* libGTM_NSDictionary+URLArguments.a */; };
		F274B3745A7646DDBECEC174 /* libGTM_NSStringXML.a in Frameworks */ = {isa = PBXBuildFile; fileRef = 515EC91BA4ED4D898A4A803E /* libGTM_NSStringXML.a */; };
		FD8E847C419D453E9FA6DD9C /* CDVJpegHeaderWriter.m in Sources */ = {isa = PBXBuildFile; fileRef = FCCD85732CA94A42B012D3B3 /* CDVJpegHeaderWriter.m */; };
		FECC8A4669EF47FCBA1E5949 /* UIImage+CropScaleOrientation.m in Sources */ = {isa = PBXBuildFile; fileRef = 75B38F9F11E44CB1A07EBB45 /* UIImage+CropScaleOrientation.m */; };
/* End PBXBuildFile section */

/* Begin PBXContainerItemProxy section */
		301BF534109A57CC0062928A /* PBXContainerItemProxy */ = {
			isa = PBXContainerItemProxy;
			containerPortal = 301BF52D109A57CC0062928A /* CordovaLib.xcodeproj */;
			proxyType = 2;
			remoteGlobalIDString = D2AAC07E0554694100DB518D;
			remoteInfo = CordovaLib;
		};
		301BF550109A68C00062928A /* PBXContainerItemProxy */ = {
			isa = PBXContainerItemProxy;
			containerPortal = 301BF52D109A57CC0062928A /* CordovaLib.xcodeproj */;
			proxyType = 1;
			remoteGlobalIDString = D2AAC07D0554694100DB518D;
			remoteInfo = CordovaLib;
		};
/* End PBXContainerItemProxy section */

/* Begin PBXFileReference section */
		0101FE0B9ED04992902329D0 /* Toast+UIView.h */ = {isa = PBXFileReference; explicitFileType = undefined; fileEncoding = 4; includeInIndex = 0; lastKnownFileType = sourcecode.c.h; name = "Toast+UIView.h"; path = "cordova-plugin-x-toast/Toast+UIView.h"; sourceTree = "<group>"; };
		0207DA571B56EA530066E2B4 /* Images.xcassets */ = {isa = PBXFileReference; lastKnownFileType = folder.assetcatalog; name = Images.xcassets; path = "Ginger Coach/Images.xcassets"; sourceTree = SOURCE_ROOT; };
		051EE30BAA024B639A4810AE /* libGTM_NSScannerJSON.a */ = {isa = PBXFileReference; explicitFileType = undefined; fileEncoding = 9; includeInIndex = 0; lastKnownFileType = archive.ar; name = libGTM_NSScannerJSON.a; path = "Ginger Coach/Plugins/phonegap-plugin-push/GCM/Libraries/libGTM_NSScannerJSON.a"; sourceTree = "<group>"; };
		05A59016772949D99B62F30F /* libGTM_core.a */ = {isa = PBXFileReference; explicitFileType = undefined; fileEncoding = 9; includeInIndex = 0; lastKnownFileType = archive.ar; name = libGTM_core.a; path = "Ginger Coach/Plugins/phonegap-plugin-push/GCM/Libraries/libGTM_core.a"; sourceTree = "<group>"; };
		062C44AAE24346B6BBD338F0 /* CoreLocation.framework */ = {isa = PBXFileReference; explicitFileType = undefined; fileEncoding = 9; includeInIndex = 0; lastKnownFileType = wrapper.framework; name = CoreLocation.framework; path = System/Library/Frameworks/CoreLocation.framework; sourceTree = SDKROOT; };
		074F48D7F0B94FB983806529 /* CloudMessaging.h */ = {isa = PBXFileReference; explicitFileType = undefined; fileEncoding = 4; includeInIndex = 0; lastKnownFileType = sourcecode.c.h; name = CloudMessaging.h; path = "phonegap-plugin-push/GCM/Headers/CloudMessaging.h"; sourceTree = "<group>"; };
		0F4A255E3628447BA738E95E /* Toast.h */ = {isa = PBXFileReference; explicitFileType = undefined; fileEncoding = 4; includeInIndex = 0; lastKnownFileType = sourcecode.c.h; name = Toast.h; path = "cordova-plugin-x-toast/Toast.h"; sourceTree = "<group>"; };
		1520A258580845E7A57066F4 /* libGcmLib.a */ = {isa = PBXFileReference; explicitFileType = undefined; fileEncoding = 9; includeInIndex = 0; lastKnownFileType = archive.ar; name = libGcmLib.a; path = "Ginger Coach/Plugins/phonegap-plugin-push/GCM/Libraries/libGcmLib.a"; sourceTree = "<group>"; };
		16C6E1553C1E4D4A9E2506D4 /* GoogleCloudMessaging.h */ = {isa = PBXFileReference; explicitFileType = undefined; fileEncoding = 4; includeInIndex = 0; lastKnownFileType = sourcecode.c.h; name = GoogleCloudMessaging.h; path = "phonegap-plugin-push/GCM/Headers/GoogleCloudMessaging.h"; sourceTree = "<group>"; };
		19D28E0293D942D79B06F722 /* libGTM_NSData+zlib.a */ = {isa = PBXFileReference; explicitFileType = undefined; fileEncoding = 9; includeInIndex = 0; lastKnownFileType = archive.ar; name = "libGTM_NSData+zlib.a"; path = "Ginger Coach/Plugins/phonegap-plugin-push/GCM/Libraries/libGTM_NSData+zlib.a"; sourceTree = "<group>"; };
		1A9A400CDE4D40118CA43A68 /* CDVViewController+SplashScreen.h */ = {isa = PBXFileReference; explicitFileType = undefined; fileEncoding = 4; includeInIndex = 0; lastKnownFileType = sourcecode.c.h; name = "CDVViewController+SplashScreen.h"; path = "cordova-plugin-splashscreen/CDVViewController+SplashScreen.h"; sourceTree = "<group>"; };
		1B4F1BA07FFB4C87A40BBE8D /* PushPlugin.m */ = {isa = PBXFileReference; explicitFileType = undefined; fileEncoding = 4; includeInIndex = 0; lastKnownFileType = sourcecode.c.objc; name = PushPlugin.m; path = "phonegap-plugin-push/PushPlugin.m"; sourceTree = "<group>"; };
		1D3623240D0F684500981E51 /* AppDelegate.h */ = {isa = PBXFileReference; fileEncoding = 4; lastKnownFileType = sourcecode.c.h; path = AppDelegate.h; sourceTree = "<group>"; };
		1D3623250D0F684500981E51 /* AppDelegate.m */ = {isa = PBXFileReference; fileEncoding = 4; lastKnownFileType = sourcecode.c.objc; path = AppDelegate.m; sourceTree = "<group>"; };
		1D6058910D05DD3D006BFB54 /* Ginger Coach.app */ = {isa = PBXFileReference; explicitFileType = wrapper.application; includeInIndex = 0; path = "Ginger Coach.app"; sourceTree = BUILT_PRODUCTS_DIR; };
		1D70773D76C94ACEB4EFAD3F /* GCMService.h */ = {isa = PBXFileReference; explicitFileType = undefined; fileEncoding = 4; includeInIndex = 0; lastKnownFileType = sourcecode.c.h; name = GCMService.h; path = "phonegap-plugin-push/GCM/Headers/GCMService.h"; sourceTree = "<group>"; };
		260C9C29F85F44A7A1E50509 /* CDVFile.m */ = {isa = PBXFileReference; explicitFileType = undefined; fileEncoding = 4; includeInIndex = 0; lastKnownFileType = sourcecode.c.objc; name = CDVFile.m; path = "cordova-plugin-file/CDVFile.m"; sourceTree = "<group>"; };
		29B97316FDCFA39411CA2CEA /* main.m */ = {isa = PBXFileReference; fileEncoding = 4; lastKnownFileType = sourcecode.c.objc; path = main.m; sourceTree = "<group>"; };
		301BF52D109A57CC0062928A /* CordovaLib.xcodeproj */ = {isa = PBXFileReference; lastKnownFileType = "wrapper.pb-project"; name = CordovaLib.xcodeproj; path = CordovaLib/CordovaLib.xcodeproj; sourceTree = "<group>"; };
		301BF56E109A69640062928A /* www */ = {isa = PBXFileReference; lastKnownFileType = folder; path = www; sourceTree = SOURCE_ROOT; };
		302D95EE14D2391D003F00A1 /* MainViewController.h */ = {isa = PBXFileReference; fileEncoding = 4; lastKnownFileType = sourcecode.c.h; path = MainViewController.h; sourceTree = "<group>"; };
		302D95EF14D2391D003F00A1 /* MainViewController.m */ = {isa = PBXFileReference; fileEncoding = 4; lastKnownFileType = sourcecode.c.objc; path = MainViewController.m; sourceTree = "<group>"; };
		302D95F014D2391D003F00A1 /* MainViewController.xib */ = {isa = PBXFileReference; fileEncoding = 4; lastKnownFileType = file.xib; path = MainViewController.xib; sourceTree = "<group>"; };
		3047A50F1AB8059700498E2A /* build-debug.xcconfig */ = {isa = PBXFileReference; fileEncoding = 4; lastKnownFileType = text.xcconfig; name = "build-debug.xcconfig"; path = "cordova/build-debug.xcconfig"; sourceTree = SOURCE_ROOT; };
		3047A5101AB8059700498E2A /* build-release.xcconfig */ = {isa = PBXFileReference; fileEncoding = 4; lastKnownFileType = text.xcconfig; name = "build-release.xcconfig"; path = "cordova/build-release.xcconfig"; sourceTree = SOURCE_ROOT; };
		3047A5111AB8059700498E2A /* build.xcconfig */ = {isa = PBXFileReference; fileEncoding = 4; lastKnownFileType = text.xcconfig; name = build.xcconfig; path = cordova/build.xcconfig; sourceTree = SOURCE_ROOT; };
		31260E9D5281401FBFAB7309 /* CDVCamera.m */ = {isa = PBXFileReference; explicitFileType = undefined; fileEncoding = 4; includeInIndex = 0; lastKnownFileType = sourcecode.c.objc; name = CDVCamera.m; path = "cordova-plugin-camera/CDVCamera.m"; sourceTree = "<group>"; };
		32CA4F630368D1EE00C91783 /* Ginger Coach-Prefix.pch */ = {isa = PBXFileReference; fileEncoding = 4; lastKnownFileType = sourcecode.c.h; path = "Ginger Coach-Prefix.pch"; sourceTree = "<group>"; };
		34E13560BB1D49E8A0FD2A6F /* QuartzCore.framework */ = {isa = PBXFileReference; explicitFileType = undefined; fileEncoding = 9; includeInIndex = 0; lastKnownFileType = wrapper.framework; name = QuartzCore.framework; path = System/Library/Frameworks/QuartzCore.framework; sourceTree = SDKROOT; };
		36E154605957425B89C313FA /* CDVExif.h */ = {isa = PBXFileReference; explicitFileType = undefined; fileEncoding = 4; includeInIndex = 0; lastKnownFileType = sourcecode.c.h; name = CDVExif.h; path = "cordova-plugin-camera/CDVExif.h"; sourceTree = "<group>"; };
		38912328015C4A17AC1474A1 /* libGTM_KVO.a */ = {isa = PBXFileReference; explicitFileType = undefined; fileEncoding = 9; includeInIndex = 0; lastKnownFileType = archive.ar; name = libGTM_KVO.a; path = "Ginger Coach/Plugins/phonegap-plugin-push/GCM/Libraries/libGTM_KVO.a"; sourceTree = "<group>"; };
		3B37E728582A4D35AF155541 /* CDVLogger.h */ = {isa = PBXFileReference; explicitFileType = undefined; fileEncoding = 4; includeInIndex = 0; lastKnownFileType = sourcecode.c.h; name = CDVLogger.h; path = "cordova-plugin-console/CDVLogger.h"; sourceTree = "<group>"; };
		3D358FA0636B4D75B8D248E8 /* ImageIO.framework */ = {isa = PBXFileReference; explicitFileType = undefined; fileEncoding = 9; includeInIndex = 0; lastKnownFileType = wrapper.framework; name = ImageIO.framework; path = System/Library/Frameworks/ImageIO.framework; sourceTree = SDKROOT; };
		3EE410946DA246AE93850E61 /* CDVInAppBrowser.h */ = {isa = PBXFileReference; explicitFileType = undefined; fileEncoding = 4; includeInIndex = 0; lastKnownFileType = sourcecode.c.h; name = CDVInAppBrowser.h; path = "cordova-plugin-inappbrowser/CDVInAppBrowser.h"; sourceTree = "<group>"; };
		44117B3E55A7450999FB5255 /* CDVFile.h */ = {isa = PBXFileReference; explicitFileType = undefined; fileEncoding = 4; includeInIndex = 0; lastKnownFileType = sourcecode.c.h; name = CDVFile.h; path = "cordova-plugin-file/CDVFile.h"; sourceTree = "<group>"; };
		45F5A3D91C804B09A6BF4517 /* CDVJpegHeaderWriter.h */ = {isa = PBXFileReference; explicitFileType = undefined; fileEncoding = 4; includeInIndex = 0; lastKnownFileType = sourcecode.c.h; name = CDVJpegHeaderWriter.h; path = "cordova-plugin-camera/CDVJpegHeaderWriter.h"; sourceTree = "<group>"; };
		47E8E93CF8724CC2A20AE04A /* libGTM_RoundedRectPath.a */ = {isa = PBXFileReference; explicitFileType = undefined; fileEncoding = 9; includeInIndex = 0; lastKnownFileType = archive.ar; name = libGTM_RoundedRectPath.a; path = "Ginger Coach/Plugins/phonegap-plugin-push/GCM/Libraries/libGTM_RoundedRectPath.a"; sourceTree = "<group>"; };
		4868F006B2CB48B2B09517CB /* APPBackgroundMode.m */ = {isa = PBXFileReference; explicitFileType = undefined; fileEncoding = 4; includeInIndex = 0; lastKnownFileType = sourcecode.c.objc; name = APPBackgroundMode.m; path = "cordova-plugin-background-mode/APPBackgroundMode.m"; sourceTree = "<group>"; };
		4B2ABFBF608241279A809586 /* libGGLCore.a */ = {isa = PBXFileReference; explicitFileType = undefined; fileEncoding = 9; includeInIndex = 0; lastKnownFileType = archive.ar; name = libGGLCore.a; path = "Ginger Coach/Plugins/phonegap-plugin-push/GCM/Libraries/libGGLCore.a"; sourceTree = "<group>"; };
		4C448B883A2A4D4CB739E65D /* libGTM_SystemVersion.a */ = {isa = PBXFileReference; explicitFileType = undefined; fileEncoding = 9; includeInIndex = 0; lastKnownFileType = archive.ar; name = libGTM_SystemVersion.a; path = "Ginger Coach/Plugins/phonegap-plugin-push/GCM/Libraries/libGTM_SystemVersion.a"; sourceTree = "<group>"; };
		4F448764DAFE4B4097E3EE18 /* Toast+UIView.m */ = {isa = PBXFileReference; explicitFileType = undefined; fileEncoding = 4; includeInIndex = 0; lastKnownFileType = sourcecode.c.objc; name = "Toast+UIView.m"; path = "cordova-plugin-x-toast/Toast+UIView.m"; sourceTree = "<group>"; };
		515EC91BA4ED4D898A4A803E /* libGTM_NSStringXML.a */ = {isa = PBXFileReference; explicitFileType = undefined; fileEncoding = 9; includeInIndex = 0; lastKnownFileType = archive.ar; name = libGTM_NSStringXML.a; path = "Ginger Coach/Plugins/phonegap-plugin-push/GCM/Libraries/libGTM_NSStringXML.a"; sourceTree = "<group>"; };
		5249C34B06DC43A683B58891 /* GCMReceiverDelegate.h */ = {isa = PBXFileReference; explicitFileType = undefined; fileEncoding = 4; includeInIndex = 0; lastKnownFileType = sourcecode.c.h; name = GCMReceiverDelegate.h; path = "phonegap-plugin-push/GCM/Headers/GCMReceiverDelegate.h"; sourceTree = "<group>"; };
		53FF629E2A8948919F5C835B /* libGTMStackTrace.a */ = {isa = PBXFileReference; explicitFileType = undefined; fileEncoding = 9; includeInIndex = 0; lastKnownFileType = archive.ar; name = libGTMStackTrace.a; path = "Ginger Coach/Plugins/phonegap-plugin-push/GCM/Libraries/libGTMStackTrace.a"; sourceTree = "<group>"; };
		566C9A54CDA547CCA8ADB9B4 /* Core.h */ = {isa = PBXFileReference; explicitFileType = undefined; fileEncoding = 4; includeInIndex = 0; lastKnownFileType = sourcecode.c.h; name = Core.h; path = "phonegap-plugin-push/GCM/Headers/Core.h"; sourceTree = "<group>"; };
		5D2CA81D41BB41F9B5760228 /* CDVLocalFilesystem.m */ = {isa = PBXFileReference; explicitFileType = undefined; fileEncoding = 4; includeInIndex = 0; lastKnownFileType = sourcecode.c.objc; name = CDVLocalFilesystem.m; path = "cordova-plugin-file/CDVLocalFilesystem.m"; sourceTree = "<group>"; };
		5DF0048E8D654DB986964188 /* Toast.m */ = {isa = PBXFileReference; explicitFileType = undefined; fileEncoding = 4; includeInIndex = 0; lastKnownFileType = sourcecode.c.objc; name = Toast.m; path = "cordova-plugin-x-toast/Toast.m"; sourceTree = "<group>"; };
		5E575F27B9C148C380D37D7B /* libGTM_StringEncoding.a */ = {isa = PBXFileReference; explicitFileType = undefined; fileEncoding = 9; includeInIndex = 0; lastKnownFileType = archive.ar; name = libGTM_StringEncoding.a; path = "Ginger Coach/Plugins/phonegap-plugin-push/GCM/Libraries/libGTM_StringEncoding.a"; sourceTree = "<group>"; };
		6066A41DC2D94A19864FC07B /* GGLContext+CloudMessaging.h */ = {isa = PBXFileReference; explicitFileType = undefined; fileEncoding = 4; includeInIndex = 0; lastKnownFileType = sourcecode.c.h; name = "GGLContext+CloudMessaging.h"; path = "phonegap-plugin-push/GCM/Headers/GGLContext+CloudMessaging.h"; sourceTree = "<group>"; };
		64B2C29F6F244B4B882C0861 /* CDVDevice.m */ = {isa = PBXFileReference; explicitFileType = undefined; fileEncoding = 4; includeInIndex = 0; lastKnownFileType = sourcecode.c.objc; name = CDVDevice.m; path = "cordova-plugin-device/CDVDevice.m"; sourceTree = "<group>"; };
		683DB4C40DDB49048E2EF0D6 /* appbeep.wav */ = {isa = PBXFileReference; explicitFileType = undefined; fileEncoding = 9; includeInIndex = 0; lastKnownFileType = unknown; path = appbeep.wav; sourceTree = "<group>"; };
		6A77142FF4CB4944AFDCD112 /* GGLInstanceIDHeaders.h */ = {isa = PBXFileReference; explicitFileType = undefined; fileEncoding = 4; includeInIndex = 0; lastKnownFileType = sourcecode.c.h; name = GGLInstanceIDHeaders.h; path = "phonegap-plugin-push/GCM/Headers/GGLInstanceIDHeaders.h"; sourceTree = "<group>"; };
		6B4A31C3A4EE4E17A2FE265C /* GGLConfiguration.h */ = {isa = PBXFileReference; explicitFileType = undefined; fileEncoding = 4; includeInIndex = 0; lastKnownFileType = sourcecode.c.h; name = GGLConfiguration.h; path = "phonegap-plugin-push/GCM/Headers/GGLConfiguration.h"; sourceTree = "<group>"; };
		6C9A671068A346CAAF42F69B /* libGTM_iPhone.a */ = {isa = PBXFileReference; explicitFileType = undefined; fileEncoding = 9; includeInIndex = 0; lastKnownFileType = archive.ar; name = libGTM_iPhone.a; path = "Ginger Coach/Plugins/phonegap-plugin-push/GCM/Libraries/libGTM_iPhone.a"; sourceTree = "<group>"; };
		6F211136E7F24BB6B0537E9F /* CDVCamera.h */ = {isa = PBXFileReference; explicitFileType = undefined; fileEncoding = 4; includeInIndex = 0; lastKnownFileType = sourcecode.c.h; name = CDVCamera.h; path = "cordova-plugin-camera/CDVCamera.h"; sourceTree = "<group>"; };
		6FFEFFB570474F088EC03933 /* libsqlite3.tbd */ = {isa = PBXFileReference; explicitFileType = undefined; fileEncoding = 9; includeInIndex = 0; lastKnownFileType = "sourcecode.text-based-dylib-definition"; name = libsqlite3.tbd; path = usr/lib/libsqlite3.tbd; sourceTree = SDKROOT; };
		72EBA697365C47A480B50A67 /* APPBackgroundMode.h */ = {isa = PBXFileReference; explicitFileType = undefined; fileEncoding = 4; includeInIndex = 0; lastKnownFileType = sourcecode.c.h; name = APPBackgroundMode.h; path = "cordova-plugin-background-mode/APPBackgroundMode.h"; sourceTree = "<group>"; };
		748C01E63EB440EB859F6451 /* CDVAssetLibraryFilesystem.h */ = {isa = PBXFileReference; explicitFileType = undefined; fileEncoding = 4; includeInIndex = 0; lastKnownFileType = sourcecode.c.h; name = CDVAssetLibraryFilesystem.h; path = "cordova-plugin-file/CDVAssetLibraryFilesystem.h"; sourceTree = "<group>"; };
		75B38F9F11E44CB1A07EBB45 /* UIImage+CropScaleOrientation.m */ = {isa = PBXFileReference; explicitFileType = undefined; fileEncoding = 4; includeInIndex = 0; lastKnownFileType = sourcecode.c.objc; name = "UIImage+CropScaleOrientation.m"; path = "cordova-plugin-camera/UIImage+CropScaleOrientation.m"; sourceTree = "<group>"; };
		75B7320C0E284F3A80C856BB /* libProtocolBuffers.a */ = {isa = PBXFileReference; explicitFileType = undefined; fileEncoding = 9; includeInIndex = 0; lastKnownFileType = archive.ar; name = libProtocolBuffers.a; path = "Ginger Coach/Plugins/phonegap-plugin-push/GCM/Libraries/libProtocolBuffers.a"; sourceTree = "<group>"; };
		7E97825ACBF34EFCA981D020 /* libGTM_NSStringHTML.a */ = {isa = PBXFileReference; explicitFileType = undefined; fileEncoding = 9; includeInIndex = 0; lastKnownFileType = archive.ar; name = libGTM_NSStringHTML.a; path = "Ginger Coach/Plugins/phonegap-plugin-push/GCM/Libraries/libGTM_NSStringHTML.a"; sourceTree = "<group>"; };
		8A124F0786E640848FC395FC /* libGTM_Regex.a */ = {isa = PBXFileReference; explicitFileType = undefined; fileEncoding = 9; includeInIndex = 0; lastKnownFileType = archive.ar; name = libGTM_Regex.a; path = "Ginger Coach/Plugins/phonegap-plugin-push/GCM/Libraries/libGTM_Regex.a"; sourceTree = "<group>"; };
		8CFEA7E0226D4396814320E8 /* libz.tbd */ = {isa = PBXFileReference; explicitFileType = undefined; fileEncoding = 9; includeInIndex = 0; lastKnownFileType = "sourcecode.text-based-dylib-definition"; name = libz.tbd; path = usr/lib/libz.tbd; sourceTree = SDKROOT; };
		8D08B23BA1854C1F9AE3F425 /* libGTMSessionFetcher_full.a */ = {isa = PBXFileReference; explicitFileType = undefined; fileEncoding = 9; includeInIndex = 0; lastKnownFileType = archive.ar; name = libGTMSessionFetcher_full.a; path = "Ginger Coach/Plugins/phonegap-plugin-push/GCM/Libraries/libGTMSessionFetcher_full.a"; sourceTree = "<group>"; };
		8D1107310486CEB800E47090 /* Ginger Coach-Info.plist */ = {isa = PBXFileReference; fileEncoding = 4; lastKnownFileType = text.plist.xml; name = "Ginger Coach-Info.plist"; path = "Ginger Coach/Ginger Coach-Info.plist"; plistStructureDefinitionIdentifier = "com.apple.xcode.plist.structure-definition.iphone.info-plist"; sourceTree = SOURCE_ROOT; };
		8EA0578117E949959A3FE0B1 /* libGTM_DebugUtils.a */ = {isa = PBXFileReference; explicitFileType = undefined; fileEncoding = 9; includeInIndex = 0; lastKnownFileType = archive.ar; name = libGTM_DebugUtils.a; path = "Ginger Coach/Plugins/phonegap-plugin-push/GCM/Libraries/libGTM_DebugUtils.a"; sourceTree = "<group>"; };
		902F0AFD5FD54F10B377EBFA /* CDVSplashScreen.h */ = {isa = PBXFileReference; explicitFileType = undefined; fileEncoding = 4; includeInIndex = 0; lastKnownFileType = sourcecode.c.h; name = CDVSplashScreen.h; path = "cordova-plugin-splashscreen/CDVSplashScreen.h"; sourceTree = "<group>"; };
		94829A7FBAF141E7AC6D8F12 /* AppDelegate+notification.h */ = {isa = PBXFileReference; explicitFileType = undefined; fileEncoding = 4; includeInIndex = 0; lastKnownFileType = sourcecode.c.h; name = "AppDelegate+notification.h"; path = "phonegap-plugin-push/AppDelegate+notification.h"; sourceTree = "<group>"; };
		963CF5D71DAF4D229FEE2F0F /* CDVLogger.m */ = {isa = PBXFileReference; explicitFileType = undefined; fileEncoding = 4; includeInIndex = 0; lastKnownFileType = sourcecode.c.objc; name = CDVLogger.m; path = "cordova-plugin-console/CDVLogger.m"; sourceTree = "<group>"; };
		970361DFD0AC46548C1B7173 /* AVFoundation.framework */ = {isa = PBXFileReference; explicitFileType = undefined; fileEncoding = 9; includeInIndex = 0; lastKnownFileType = wrapper.framework; name = AVFoundation.framework; path = System/Library/Frameworks/AVFoundation.framework; sourceTree = SDKROOT; };
		9BFEA3D466AC4056B6BA7709 /* GCMConfig.h */ = {isa = PBXFileReference; explicitFileType = undefined; fileEncoding = 4; includeInIndex = 0; lastKnownFileType = sourcecode.c.h; name = GCMConfig.h; path = "phonegap-plugin-push/GCM/Headers/GCMConfig.h"; sourceTree = "<group>"; };
		A4E022F8E99148638809E64A /* libGTM_AddressBook.a */ = {isa = PBXFileReference; explicitFileType = undefined; fileEncoding = 9; includeInIndex = 0; lastKnownFileType = archive.ar; name = libGTM_AddressBook.a; path = "Ginger Coach/Plugins/phonegap-plugin-push/GCM/Libraries/libGTM_AddressBook.a"; sourceTree = "<group>"; };
		A54CB46047F14A8BB1534187 /* libGTM_GTMURLBuilder.a */ = {isa = PBXFileReference; explicitFileType = undefined; fileEncoding = 9; includeInIndex = 0; lastKnownFileType = archive.ar; name = libGTM_GTMURLBuilder.a; path = "Ginger Coach/Plugins/phonegap-plugin-push/GCM/Libraries/libGTM_GTMURLBuilder.a"; sourceTree = "<group>"; };
		A791CD87A6B947DA88603149 /* CDVFileTransfer.m */ = {isa = PBXFileReference; explicitFileType = undefined; fileEncoding = 4; includeInIndex = 0; lastKnownFileType = sourcecode.c.objc; name = CDVFileTransfer.m; path = "cordova-plugin-file-transfer/CDVFileTransfer.m"; sourceTree = "<group>"; };
		AF2A95FC54684AE08F581557 /* GGLContext.h */ = {isa = PBXFileReference; explicitFileType = undefined; fileEncoding = 4; includeInIndex = 0; lastKnownFileType = sourcecode.c.h; name = GGLContext.h; path = "phonegap-plugin-push/GCM/Headers/GGLContext.h"; sourceTree = "<group>"; };
		B67D16AFCC164053B205FF08 /* libGTMSessionFetcher_core.a */ = {isa = PBXFileReference; explicitFileType = undefined; fileEncoding = 9; includeInIndex = 0; lastKnownFileType = archive.ar; name = libGTMSessionFetcher_core.a; path = "Ginger Coach/Plugins/phonegap-plugin-push/GCM/Libraries/libGTMSessionFetcher_core.a"; sourceTree = "<group>"; };
		B8CB094BFACD4373B5A0467C /* libGGLInstanceIDLib.a */ = {isa = PBXFileReference; explicitFileType = undefined; fileEncoding = 9; includeInIndex = 0; lastKnownFileType = archive.ar; name = libGGLInstanceIDLib.a; path = "Ginger Coach/Plugins/phonegap-plugin-push/GCM/Libraries/libGGLInstanceIDLib.a"; sourceTree = "<group>"; };
		BAF2CA5DFE544A79AA040F1E /* AddressBook.framework */ = {isa = PBXFileReference; explicitFileType = undefined; fileEncoding = 9; includeInIndex = 0; lastKnownFileType = wrapper.framework; name = AddressBook.framework; path = System/Library/Frameworks/AddressBook.framework; sourceTree = SDKROOT; };
		BB381040A5C04FDE9D405BEC /* libGIP_Reachability.a */ = {isa = PBXFileReference; explicitFileType = undefined; fileEncoding = 9; includeInIndex = 0; lastKnownFileType = archive.ar; name = libGIP_Reachability.a; path = "Ginger Coach/Plugins/phonegap-plugin-push/GCM/Libraries/libGIP_Reachability.a"; sourceTree = "<group>"; };
		C2AA51C2C1ED4F90BCA6293A /* libGTM_UIFont+LineHeight.a */ = {isa = PBXFileReference; explicitFileType = undefined; fileEncoding = 9; includeInIndex = 0; lastKnownFileType = archive.ar; name = "libGTM_UIFont+LineHeight.a"; path = "Ginger Coach/Plugins/phonegap-plugin-push/GCM/Libraries/libGTM_UIFont+LineHeight.a"; sourceTree = "<group>"; };
		C77B267385F94B5899DA8949 /* CDVKeyboard.h */ = {isa = PBXFileReference; explicitFileType = undefined; fileEncoding = 4; includeInIndex = 0; lastKnownFileType = sourcecode.c.h; name = CDVKeyboard.h; path = "cordova-plugin-keyboard/CDVKeyboard.h"; sourceTree = "<group>"; };
		CB8D3A7D8E5C4B96B5751D56 /* libGSDK_Overload.a */ = {isa = PBXFileReference; explicitFileType = undefined; fileEncoding = 9; includeInIndex = 0; lastKnownFileType = archive.ar; name = libGSDK_Overload.a; path = "Ginger Coach/Plugins/phonegap-plugin-push/GCM/Libraries/libGSDK_Overload.a"; sourceTree = "<group>"; };
		CBB9D4E1A71F453F8CDC3E41 /* libGTM_NSDictionary+URLArguments.a */ = {isa = PBXFileReference; explicitFileType = undefined; fileEncoding = 9; includeInIndex = 0; lastKnownFileType = archive.ar; name = "libGTM_NSDictionary+URLArguments.a"; path = "Ginger Coach/Plugins/phonegap-plugin-push/GCM/Libraries/libGTM_NSDictionary+URLArguments.a"; sourceTree = "<group>"; };
		D1AB8F68315E46E7A996F416 /* CDVFileTransfer.h */ = {isa = PBXFileReference; explicitFileType = undefined; fileEncoding = 4; includeInIndex = 0; lastKnownFileType = sourcecode.c.h; name = CDVFileTransfer.h; path = "cordova-plugin-file-transfer/CDVFileTransfer.h"; sourceTree = "<group>"; };
		D46568D955B04FC7B1D03DCA /* CDVInAppBrowser.m */ = {isa = PBXFileReference; explicitFileType = undefined; fileEncoding = 4; includeInIndex = 0; lastKnownFileType = sourcecode.c.objc; name = CDVInAppBrowser.m; path = "cordova-plugin-inappbrowser/CDVInAppBrowser.m"; sourceTree = "<group>"; };
		D482D8A76349473D9A34AFA4 /* PushPlugin.h */ = {isa = PBXFileReference; explicitFileType = undefined; fileEncoding = 4; includeInIndex = 0; lastKnownFileType = sourcecode.c.h; name = PushPlugin.h; path = "phonegap-plugin-push/PushPlugin.h"; sourceTree = "<group>"; };
		D4B4468AFB084598911ADF78 /* CDVAssetLibraryFilesystem.m */ = {isa = PBXFileReference; explicitFileType = undefined; fileEncoding = 4; includeInIndex = 0; lastKnownFileType = sourcecode.c.objc; name = CDVAssetLibraryFilesystem.m; path = "cordova-plugin-file/CDVAssetLibraryFilesystem.m"; sourceTree = "<group>"; };
		D549A13C85024735A61E6949 /* GGLInstanceIDConfig.h */ = {isa = PBXFileReference; explicitFileType = undefined; fileEncoding = 4; includeInIndex = 0; lastKnownFileType = sourcecode.c.h; name = GGLInstanceIDConfig.h; path = "phonegap-plugin-push/GCM/Headers/GGLInstanceIDConfig.h"; sourceTree = "<group>"; };
		DB95C606819A474A8E2D9698 /* AppDelegate+notification.m */ = {isa = PBXFileReference; explicitFileType = undefined; fileEncoding = 4; includeInIndex = 0; lastKnownFileType = sourcecode.c.objc; name = "AppDelegate+notification.m"; path = "phonegap-plugin-push/AppDelegate+notification.m"; sourceTree = "<group>"; };
		DD5771209FC448539223F190 /* GGLErrorCode.h */ = {isa = PBXFileReference; explicitFileType = undefined; fileEncoding = 4; includeInIndex = 0; lastKnownFileType = sourcecode.c.h; name = GGLErrorCode.h; path = "phonegap-plugin-push/GCM/Headers/GGLErrorCode.h"; sourceTree = "<group>"; };
		DDB27CA8FB764A789271EC6A /* GGLInstanceIDDelegate.h */ = {isa = PBXFileReference; explicitFileType = undefined; fileEncoding = 4; includeInIndex = 0; lastKnownFileType = sourcecode.c.h; name = GGLInstanceIDDelegate.h; path = "phonegap-plugin-push/GCM/Headers/GGLInstanceIDDelegate.h"; sourceTree = "<group>"; };
		E0AEF0CD06F743EFA3DB2C59 /* CDVDevice.h */ = {isa = PBXFileReference; explicitFileType = undefined; fileEncoding = 4; includeInIndex = 0; lastKnownFileType = sourcecode.c.h; name = CDVDevice.h; path = "cordova-plugin-device/CDVDevice.h"; sourceTree = "<group>"; };
		E3DBF528D65F423187D7D053 /* GGLInstanceID.h */ = {isa = PBXFileReference; explicitFileType = undefined; fileEncoding = 4; includeInIndex = 0; lastKnownFileType = sourcecode.c.h; name = GGLInstanceID.h; path = "phonegap-plugin-push/GCM/Headers/GGLInstanceID.h"; sourceTree = "<group>"; };
		E42AA1FE566C44FFB6DAB3D4 /* UIImage+CropScaleOrientation.h */ = {isa = PBXFileReference; explicitFileType = undefined; fileEncoding = 4; includeInIndex = 0; lastKnownFileType = sourcecode.c.h; name = "UIImage+CropScaleOrientation.h"; path = "cordova-plugin-camera/UIImage+CropScaleOrientation.h"; sourceTree = "<group>"; };
		EB87FDF31871DA8E0020F90C /* www */ = {isa = PBXFileReference; lastKnownFileType = folder; name = www; path = ../../www; sourceTree = "<group>"; };
		EB87FDF41871DAF40020F90C /* config.xml */ = {isa = PBXFileReference; lastKnownFileType = text.xml; name = config.xml; path = ../../config.xml; sourceTree = "<group>"; };
		ED33DF2A687741AEAF9F8254 /* Bridging-Header.h */ = {isa = PBXFileReference; fileEncoding = 4; lastKnownFileType = sourcecode.c.h; path = "Bridging-Header.h"; sourceTree = "<group>"; };
		EE0239A402BC45B3A1C7DB2F /* CDVViewController+SplashScreen.m */ = {isa = PBXFileReference; explicitFileType = undefined; fileEncoding = 4; includeInIndex = 0; lastKnownFileType = sourcecode.c.objc; name = "CDVViewController+SplashScreen.m"; path = "cordova-plugin-splashscreen/CDVViewController+SplashScreen.m"; sourceTree = "<group>"; };
		F3862DB6C9094152B776C74C /* GCMPubSub.h */ = {isa = PBXFileReference; explicitFileType = undefined; fileEncoding = 4; includeInIndex = 0; lastKnownFileType = sourcecode.c.h; name = GCMPubSub.h; path = "phonegap-plugin-push/GCM/Headers/GCMPubSub.h"; sourceTree = "<group>"; };
		F7B86F51C4FF486F91C6726A /* CDVKeyboard.m */ = {isa = PBXFileReference; explicitFileType = undefined; fileEncoding = 4; includeInIndex = 0; lastKnownFileType = sourcecode.c.objc; name = CDVKeyboard.m; path = "cordova-plugin-keyboard/CDVKeyboard.m"; sourceTree = "<group>"; };
		F840E1F0165FE0F500CFE078 /* config.xml */ = {isa = PBXFileReference; lastKnownFileType = text.xml; name = config.xml; path = "Ginger Coach/config.xml"; sourceTree = "<group>"; };
		F9C71D1D139B40E788878766 /* CDVLocalFilesystem.h */ = {isa = PBXFileReference; explicitFileType = undefined; fileEncoding = 4; includeInIndex = 0; lastKnownFileType = sourcecode.c.h; name = CDVLocalFilesystem.h; path = "cordova-plugin-file/CDVLocalFilesystem.h"; sourceTree = "<group>"; };
		FCCD85732CA94A42B012D3B3 /* CDVJpegHeaderWriter.m */ = {isa = PBXFileReference; explicitFileType = undefined; fileEncoding = 4; includeInIndex = 0; lastKnownFileType = sourcecode.c.objc; name = CDVJpegHeaderWriter.m; path = "cordova-plugin-camera/CDVJpegHeaderWriter.m"; sourceTree = "<group>"; };
		FE47003A668B4B309B2DCC85 /* libGGLCloudMessaging.a */ = {isa = PBXFileReference; explicitFileType = undefined; fileEncoding = 9; includeInIndex = 0; lastKnownFileType = archive.ar; name = libGGLCloudMessaging.a; path = "Ginger Coach/Plugins/phonegap-plugin-push/GCM/Libraries/libGGLCloudMessaging.a"; sourceTree = "<group>"; };
		FFA85BB9DDFF4FD0920C3929 /* CDVSplashScreen.m */ = {isa = PBXFileReference; explicitFileType = undefined; fileEncoding = 4; includeInIndex = 0; lastKnownFileType = sourcecode.c.objc; name = CDVSplashScreen.m; path = "cordova-plugin-splashscreen/CDVSplashScreen.m"; sourceTree = "<group>"; };
/* End PBXFileReference section */

/* Begin PBXFrameworksBuildPhase section */
		1D60588F0D05DD3D006BFB54 /* Frameworks */ = {
			isa = PBXFrameworksBuildPhase;
			buildActionMask = 2147483647;
			files = (
				301BF552109A68D80062928A /* libCordova.a in Frameworks */,
				B72D1B0B9DF9425A86B58E40 /* ImageIO.framework in Frameworks */,
				3B8C5AA70DC9457E9D9FAD44 /* CoreLocation.framework in Frameworks */,
				283A739BEB0140A3B64C9A1B /* AVFoundation.framework in Frameworks */,
				89925DDD02AD418185B3A967 /* QuartzCore.framework in Frameworks */,
				420E74F48B8947A8BE51B90A /* AddressBook.framework in Frameworks */,
				26714B5264F84F4BA9ADB152 /* libsqlite3.tbd in Frameworks */,
				6F4105627F3F47BBBD52FB7A /* libz.tbd in Frameworks */,
				9BA66344DFF54CBEA644CE4A /* libGGLCloudMessaging.a in Frameworks */,
				B1FD5E01F03844829E300493 /* libGGLCore.a in Frameworks */,
				CE8D44D114234A02A78D621B /* libGGLInstanceIDLib.a in Frameworks */,
				41732D9D83824BC19071E702 /* libGIP_Reachability.a in Frameworks */,
				1FEFFD8A94554E108F128F8F /* libGSDK_Overload.a in Frameworks */,
				A2CCDEB50ADA483889EE2902 /* libGTMSessionFetcher_core.a in Frameworks */,
				6BDF52AC9458475CA09DB9EE /* libGTMSessionFetcher_full.a in Frameworks */,
				D777C5934AC444A790D53A71 /* libGTMStackTrace.a in Frameworks */,
				82795255D8804321B3A433BC /* libGTM_AddressBook.a in Frameworks */,
				69FF60EA3891463FB2B515E6 /* libGTM_DebugUtils.a in Frameworks */,
				9FE3E7A520304D7EAF2DE4FA /* libGTM_GTMURLBuilder.a in Frameworks */,
				C11DDA8589D4434ABB2F70AA /* libGTM_KVO.a in Frameworks */,
				E813B546F23B4CBE9CE48F7B /* libGTM_NSData+zlib.a in Frameworks */,
				F022D4F153224B57A8C989C0 /* libGTM_NSDictionary+URLArguments.a in Frameworks */,
				37B5838E2AE0495485C4EB8F /* libGTM_NSScannerJSON.a in Frameworks */,
				B6BF27401D884C29A5ED8A2A /* libGTM_NSStringHTML.a in Frameworks */,
				F274B3745A7646DDBECEC174 /* libGTM_NSStringXML.a in Frameworks */,
				8E661B572E004D9EA9338193 /* libGTM_Regex.a in Frameworks */,
				E79ABBA1725240B990682C61 /* libGTM_RoundedRectPath.a in Frameworks */,
				039463A6F5594086A7F42916 /* libGTM_StringEncoding.a in Frameworks */,
				218C44DDC0E849A28801DD54 /* libGTM_SystemVersion.a in Frameworks */,
				8AAC9FBAA54F4BCC87CB6375 /* libGTM_UIFont+LineHeight.a in Frameworks */,
				238535BB65E04C42A77D6061 /* libGTM_core.a in Frameworks */,
				47A57A40409D4C7BBAF621A6 /* libGTM_iPhone.a in Frameworks */,
				D2FA8E574A3F4052BEEB9693 /* libGcmLib.a in Frameworks */,
				D392ED3315434C7EA109E337 /* libProtocolBuffers.a in Frameworks */,
			);
			runOnlyForDeploymentPostprocessing = 0;
		};
/* End PBXFrameworksBuildPhase section */

/* Begin PBXGroup section */
		080E96DDFE201D6D7F000001 /* Classes */ = {
			isa = PBXGroup;
			children = (
				302D95EE14D2391D003F00A1 /* MainViewController.h */,
				302D95EF14D2391D003F00A1 /* MainViewController.m */,
				302D95F014D2391D003F00A1 /* MainViewController.xib */,
				1D3623240D0F684500981E51 /* AppDelegate.h */,
				1D3623250D0F684500981E51 /* AppDelegate.m */,
			);
			name = Classes;
			path = "Ginger Coach/Classes";
			sourceTree = SOURCE_ROOT;
		};
		19C28FACFE9D520D11CA2CBB /* Products */ = {
			isa = PBXGroup;
			children = (
				1D6058910D05DD3D006BFB54 /* Ginger Coach.app */,
			);
			name = Products;
			sourceTree = "<group>";
		};
		29B97314FDCFA39411CA2CEA /* CustomTemplate */ = {
			isa = PBXGroup;
			children = (
				EB87FDF41871DAF40020F90C /* config.xml */,
				EB87FDF31871DA8E0020F90C /* www */,
				EB87FDF11871DA420020F90C /* Staging */,
				301BF52D109A57CC0062928A /* CordovaLib.xcodeproj */,
				080E96DDFE201D6D7F000001 /* Classes */,
				307C750510C5A3420062BCA9 /* Plugins */,
				29B97315FDCFA39411CA2CEA /* Other Sources */,
				29B97317FDCFA39411CA2CEA /* Resources */,
				29B97323FDCFA39411CA2CEA /* Frameworks */,
				19C28FACFE9D520D11CA2CBB /* Products */,
			);
			name = CustomTemplate;
			sourceTree = "<group>";
		};
		29B97315FDCFA39411CA2CEA /* Other Sources */ = {
			isa = PBXGroup;
			children = (
				32CA4F630368D1EE00C91783 /* Ginger Coach-Prefix.pch */,
				29B97316FDCFA39411CA2CEA /* main.m */,
				ED33DF2A687741AEAF9F8254 /* Bridging-Header.h */,
			);
			name = "Other Sources";
			path = "Ginger Coach";
			sourceTree = "<group>";
		};
		29B97317FDCFA39411CA2CEA /* Resources */ = {
			isa = PBXGroup;
			children = (
				0207DA571B56EA530066E2B4 /* Images.xcassets */,
				3047A50E1AB8057F00498E2A /* config */,
				8D1107310486CEB800E47090 /* Ginger Coach-Info.plist */,
				683DB4C40DDB49048E2EF0D6 /* appbeep.wav */,
			);
			name = Resources;
			path = "Ginger Coach/Resources";
			sourceTree = "<group>";
		};
		29B97323FDCFA39411CA2CEA /* Frameworks */ = {
			isa = PBXGroup;
			children = (
				3D358FA0636B4D75B8D248E8 /* ImageIO.framework */,
				062C44AAE24346B6BBD338F0 /* CoreLocation.framework */,
				970361DFD0AC46548C1B7173 /* AVFoundation.framework */,
				34E13560BB1D49E8A0FD2A6F /* QuartzCore.framework */,
				BAF2CA5DFE544A79AA040F1E /* AddressBook.framework */,
				6FFEFFB570474F088EC03933 /* libsqlite3.tbd */,
				8CFEA7E0226D4396814320E8 /* libz.tbd */,
				FE47003A668B4B309B2DCC85 /* libGGLCloudMessaging.a */,
				4B2ABFBF608241279A809586 /* libGGLCore.a */,
				B8CB094BFACD4373B5A0467C /* libGGLInstanceIDLib.a */,
				BB381040A5C04FDE9D405BEC /* libGIP_Reachability.a */,
				CB8D3A7D8E5C4B96B5751D56 /* libGSDK_Overload.a */,
				B67D16AFCC164053B205FF08 /* libGTMSessionFetcher_core.a */,
				8D08B23BA1854C1F9AE3F425 /* libGTMSessionFetcher_full.a */,
				53FF629E2A8948919F5C835B /* libGTMStackTrace.a */,
				A4E022F8E99148638809E64A /* libGTM_AddressBook.a */,
				8EA0578117E949959A3FE0B1 /* libGTM_DebugUtils.a */,
				A54CB46047F14A8BB1534187 /* libGTM_GTMURLBuilder.a */,
				38912328015C4A17AC1474A1 /* libGTM_KVO.a */,
				19D28E0293D942D79B06F722 /* libGTM_NSData+zlib.a */,
				CBB9D4E1A71F453F8CDC3E41 /* libGTM_NSDictionary+URLArguments.a */,
				051EE30BAA024B639A4810AE /* libGTM_NSScannerJSON.a */,
				7E97825ACBF34EFCA981D020 /* libGTM_NSStringHTML.a */,
				515EC91BA4ED4D898A4A803E /* libGTM_NSStringXML.a */,
				8A124F0786E640848FC395FC /* libGTM_Regex.a */,
				47E8E93CF8724CC2A20AE04A /* libGTM_RoundedRectPath.a */,
				5E575F27B9C148C380D37D7B /* libGTM_StringEncoding.a */,
				4C448B883A2A4D4CB739E65D /* libGTM_SystemVersion.a */,
				C2AA51C2C1ED4F90BCA6293A /* libGTM_UIFont+LineHeight.a */,
				05A59016772949D99B62F30F /* libGTM_core.a */,
				6C9A671068A346CAAF42F69B /* libGTM_iPhone.a */,
				1520A258580845E7A57066F4 /* libGcmLib.a */,
				75B7320C0E284F3A80C856BB /* libProtocolBuffers.a */,
			);
			name = Frameworks;
			sourceTree = "<group>";
		};
		301BF52E109A57CC0062928A /* Products */ = {
			isa = PBXGroup;
			children = (
				301BF535109A57CC0062928A /* libCordova.a */,
			);
			name = Products;
			sourceTree = "<group>";
		};
		3047A50E1AB8057F00498E2A /* config */ = {
			isa = PBXGroup;
			children = (
				3047A50F1AB8059700498E2A /* build-debug.xcconfig */,
				3047A5101AB8059700498E2A /* build-release.xcconfig */,
				3047A5111AB8059700498E2A /* build.xcconfig */,
			);
			name = config;
			sourceTree = "<group>";
		};
		307C750510C5A3420062BCA9 /* Plugins */ = {
			isa = PBXGroup;
			children = (
				4868F006B2CB48B2B09517CB /* APPBackgroundMode.m */,
				72EBA697365C47A480B50A67 /* APPBackgroundMode.h */,
				75B38F9F11E44CB1A07EBB45 /* UIImage+CropScaleOrientation.m */,
				31260E9D5281401FBFAB7309 /* CDVCamera.m */,
				FCCD85732CA94A42B012D3B3 /* CDVJpegHeaderWriter.m */,
				E42AA1FE566C44FFB6DAB3D4 /* UIImage+CropScaleOrientation.h */,
				6F211136E7F24BB6B0537E9F /* CDVCamera.h */,
				45F5A3D91C804B09A6BF4517 /* CDVJpegHeaderWriter.h */,
				36E154605957425B89C313FA /* CDVExif.h */,
				963CF5D71DAF4D229FEE2F0F /* CDVLogger.m */,
				3B37E728582A4D35AF155541 /* CDVLogger.h */,
				260C9C29F85F44A7A1E50509 /* CDVFile.m */,
				5D2CA81D41BB41F9B5760228 /* CDVLocalFilesystem.m */,
				D4B4468AFB084598911ADF78 /* CDVAssetLibraryFilesystem.m */,
				44117B3E55A7450999FB5255 /* CDVFile.h */,
				F9C71D1D139B40E788878766 /* CDVLocalFilesystem.h */,
				748C01E63EB440EB859F6451 /* CDVAssetLibraryFilesystem.h */,
				A791CD87A6B947DA88603149 /* CDVFileTransfer.m */,
				D1AB8F68315E46E7A996F416 /* CDVFileTransfer.h */,
				D46568D955B04FC7B1D03DCA /* CDVInAppBrowser.m */,
				3EE410946DA246AE93850E61 /* CDVInAppBrowser.h */,
				F7B86F51C4FF486F91C6726A /* CDVKeyboard.m */,
				C77B267385F94B5899DA8949 /* CDVKeyboard.h */,
				FFA85BB9DDFF4FD0920C3929 /* CDVSplashScreen.m */,
				EE0239A402BC45B3A1C7DB2F /* CDVViewController+SplashScreen.m */,
				902F0AFD5FD54F10B377EBFA /* CDVSplashScreen.h */,
				1A9A400CDE4D40118CA43A68 /* CDVViewController+SplashScreen.h */,
				4F448764DAFE4B4097E3EE18 /* Toast+UIView.m */,
				5DF0048E8D654DB986964188 /* Toast.m */,
				0101FE0B9ED04992902329D0 /* Toast+UIView.h */,
				0F4A255E3628447BA738E95E /* Toast.h */,
				DB95C606819A474A8E2D9698 /* AppDelegate+notification.m */,
				1B4F1BA07FFB4C87A40BBE8D /* PushPlugin.m */,
				94829A7FBAF141E7AC6D8F12 /* AppDelegate+notification.h */,
				D482D8A76349473D9A34AFA4 /* PushPlugin.h */,
				E3DBF528D65F423187D7D053 /* GGLInstanceID.h */,
				D549A13C85024735A61E6949 /* GGLInstanceIDConfig.h */,
				DDB27CA8FB764A789271EC6A /* GGLInstanceIDDelegate.h */,
				6A77142FF4CB4944AFDCD112 /* GGLInstanceIDHeaders.h */,
				074F48D7F0B94FB983806529 /* CloudMessaging.h */,
				6066A41DC2D94A19864FC07B /* GGLContext+CloudMessaging.h */,
				566C9A54CDA547CCA8ADB9B4 /* Core.h */,
				6B4A31C3A4EE4E17A2FE265C /* GGLConfiguration.h */,
				AF2A95FC54684AE08F581557 /* GGLContext.h */,
				DD5771209FC448539223F190 /* GGLErrorCode.h */,
				9BFEA3D466AC4056B6BA7709 /* GCMConfig.h */,
				F3862DB6C9094152B776C74C /* GCMPubSub.h */,
				5249C34B06DC43A683B58891 /* GCMReceiverDelegate.h */,
				1D70773D76C94ACEB4EFAD3F /* GCMService.h */,
				16C6E1553C1E4D4A9E2506D4 /* GoogleCloudMessaging.h */,
				64B2C29F6F244B4B882C0861 /* CDVDevice.m */,
				E0AEF0CD06F743EFA3DB2C59 /* CDVDevice.h */,
			);
			name = Plugins;
			path = "Ginger Coach/Plugins";
			sourceTree = SOURCE_ROOT;
		};
		EB87FDF11871DA420020F90C /* Staging */ = {
			isa = PBXGroup;
			children = (
				F840E1F0165FE0F500CFE078 /* config.xml */,
				301BF56E109A69640062928A /* www */,
			);
			name = Staging;
			sourceTree = "<group>";
		};
/* End PBXGroup section */

/* Begin PBXNativeTarget section */
		1D6058900D05DD3D006BFB54 /* Ginger Coach */ = {
			isa = PBXNativeTarget;
			buildConfigurationList = 1D6058960D05DD3E006BFB54 /* Build configuration list for PBXNativeTarget "Ginger Coach" */;
			buildPhases = (
				304B58A110DAC018002A0835 /* Copy www directory */,
				1D60588D0D05DD3D006BFB54 /* Resources */,
				1D60588E0D05DD3D006BFB54 /* Sources */,
				1D60588F0D05DD3D006BFB54 /* Frameworks */,
			);
			buildRules = (
			);
			dependencies = (
				301BF551109A68C00062928A /* PBXTargetDependency */,
			);
			name = "Ginger Coach";
			productName = "Ginger Coach";
			productReference = 1D6058910D05DD3D006BFB54 /* Ginger Coach.app */;
			productType = "com.apple.product-type.application";
		};
/* End PBXNativeTarget section */

/* Begin PBXProject section */
		29B97313FDCFA39411CA2CEA /* Project object */ = {
			isa = PBXProject;
			attributes = {
				LastUpgradeCheck = 510;
				TargetAttributes = {
					1D6058900D05DD3D006BFB54 = {
						DevelopmentTeam = AZC9Q526PS;
					};
				};
			};
			buildConfigurationList = C01FCF4E08A954540054247B /* Build configuration list for PBXProject "Ginger Coach" */;
			compatibilityVersion = "Xcode 3.2";
			developmentRegion = English;
			hasScannedForEncodings = 1;
			knownRegions = (
				en,
			);
			mainGroup = 29B97314FDCFA39411CA2CEA /* CustomTemplate */;
			projectDirPath = "";
			projectReferences = (
				{
					ProductGroup = 301BF52E109A57CC0062928A /* Products */;
					ProjectRef = 301BF52D109A57CC0062928A /* CordovaLib.xcodeproj */;
				},
			);
			projectRoot = "";
			targets = (
				1D6058900D05DD3D006BFB54 /* Ginger Coach */,
			);
		};
/* End PBXProject section */

/* Begin PBXReferenceProxy section */
		301BF535109A57CC0062928A /* libCordova.a */ = {
			isa = PBXReferenceProxy;
			fileType = archive.ar;
			path = libCordova.a;
			remoteRef = 301BF534109A57CC0062928A /* PBXContainerItemProxy */;
			sourceTree = BUILT_PRODUCTS_DIR;
		};
/* End PBXReferenceProxy section */

/* Begin PBXResourcesBuildPhase section */
		1D60588D0D05DD3D006BFB54 /* Resources */ = {
			isa = PBXResourcesBuildPhase;
			buildActionMask = 2147483647;
			files = (
				302D95F214D2391D003F00A1 /* MainViewController.xib in Resources */,
				0207DA581B56EA530066E2B4 /* Images.xcassets in Resources */,
				089D6A98EE8F40BD85D16293 /* appbeep.wav in Resources */,
			);
			runOnlyForDeploymentPostprocessing = 0;
		};
/* End PBXResourcesBuildPhase section */

/* Begin PBXShellScriptBuildPhase section */
		304B58A110DAC018002A0835 /* Copy www directory */ = {
			isa = PBXShellScriptBuildPhase;
			buildActionMask = 2147483647;
			files = (
			);
			inputPaths = (
			);
			name = "Copy www directory";
			outputPaths = (
			);
			runOnlyForDeploymentPostprocessing = 0;
			shellPath = /bin/sh;
			shellScript = "NODEJS_PATH=/usr/local/bin; NVM_NODE_PATH=~/.nvm/versions/node/`nvm version 2>/dev/null`/bin; N_NODE_PATH=`find /usr/local/n/versions/node/* -maxdepth 0 -type d 2>/dev/null | tail -1`/bin; XCODE_NODE_PATH=`xcode-select --print-path`/usr/share/xcs/Node/bin; PATH=$NODEJS_PATH:$NVM_NODE_PATH:$N_NODE_PATH:$XCODE_NODE_PATH:$PATH && node cordova/lib/copy-www-build-step.js";
			showEnvVarsInLog = 0;
		};
/* End PBXShellScriptBuildPhase section */

/* Begin PBXSourcesBuildPhase section */
		1D60588E0D05DD3D006BFB54 /* Sources */ = {
			isa = PBXSourcesBuildPhase;
			buildActionMask = 2147483647;
			files = (
				1D60589B0D05DD56006BFB54 /* main.m in Sources */,
				1D3623260D0F684500981E51 /* AppDelegate.m in Sources */,
				302D95F114D2391D003F00A1 /* MainViewController.m in Sources */,
				69FA9CB56C44425794E00344 /* APPBackgroundMode.m in Sources */,
				FECC8A4669EF47FCBA1E5949 /* UIImage+CropScaleOrientation.m in Sources */,
				B52C27E21FB14D14B8D21150 /* CDVCamera.m in Sources */,
				FD8E847C419D453E9FA6DD9C /* CDVJpegHeaderWriter.m in Sources */,
				C1476831028A47199D3A642A /* CDVLogger.m in Sources */,
				984C5D58FFBC4C9FA880E601 /* CDVFile.m in Sources */,
				6CC1D18A0A7D4D3882F2A5B2 /* CDVLocalFilesystem.m in Sources */,
				96651D3416FF4A8BA6FEB22B /* CDVAssetLibraryFilesystem.m in Sources */,
				1F71B2BA3611474ABC6A0AB8 /* CDVFileTransfer.m in Sources */,
				59BD3FA0197D434394941D3F /* CDVInAppBrowser.m in Sources */,
				262054E27E3D47C5B9E1C1D3 /* CDVKeyboard.m in Sources */,
				C600DCB3596348C89E981AB9 /* CDVSplashScreen.m in Sources */,
				BF812A5659664CD98CE8835E /* CDVViewController+SplashScreen.m in Sources */,
				1675C86CB7094CD4BCAA71AF /* Toast+UIView.m in Sources */,
				A94E00FA63134345B8FBF23F /* Toast.m in Sources */,
				E447549EC67141B5812159DA /* AppDelegate+notification.m in Sources */,
				65FCE6EC38E343A5BDCE7F5B /* PushPlugin.m in Sources */,
				8C45AC1CA8C3432CB3DCDBFD /* CDVDevice.m in Sources */,
			);
			runOnlyForDeploymentPostprocessing = 0;
		};
/* End PBXSourcesBuildPhase section */

/* Begin PBXTargetDependency section */
		301BF551109A68C00062928A /* PBXTargetDependency */ = {
			isa = PBXTargetDependency;
			name = CordovaLib;
			targetProxy = 301BF550109A68C00062928A /* PBXContainerItemProxy */;
		};
/* End PBXTargetDependency section */

/* Begin XCBuildConfiguration section */
		1D6058940D05DD3E006BFB54 /* Debug */ = {
			isa = XCBuildConfiguration;
			baseConfigurationReference = 3047A50F1AB8059700498E2A /* build-debug.xcconfig */;
			buildSettings = {
				ALWAYS_SEARCH_USER_PATHS = NO;
				ASSETCATALOG_COMPILER_APPICON_NAME = AppIcon;
				ASSETCATALOG_COMPILER_LAUNCHIMAGE_NAME = LaunchImage;
				CLANG_ENABLE_MODULES = YES;
				CLANG_ENABLE_OBJC_ARC = YES;
				CODE_SIGN_IDENTITY = "iPhone Developer";
				COPY_PHASE_STRIP = NO;
				GCC_DYNAMIC_NO_PIC = NO;
				GCC_OPTIMIZATION_LEVEL = 0;
				GCC_PRECOMPILE_PREFIX_HEADER = YES;
				GCC_PREFIX_HEADER = "Ginger Coach/Ginger Coach-Prefix.pch";
				GCC_THUMB_SUPPORT = NO;
				GCC_VERSION = "";
				INFOPLIST_FILE = "Ginger Coach/Ginger Coach-Info.plist";
				LD_RUNPATH_SEARCH_PATHS = "@executable_path/Frameworks";
				LIBRARY_SEARCH_PATHS = (
					"$(inherited)",
					"\"$(SRCROOT)/Ginger Coach/Plugins/phonegap-plugin-push/GCM/Libraries\"",
					"\"$(SRCROOT)/Ginger Coach/Plugins/phonegap-plugin-push/GCM/Libraries\"",
					"\"$(SRCROOT)/Ginger Coach/Plugins/phonegap-plugin-push/GCM/Libraries\"",
					"\"$(SRCROOT)/Ginger Coach/Plugins/phonegap-plugin-push/GCM/Libraries\"",
					"\"$(SRCROOT)/Ginger Coach/Plugins/phonegap-plugin-push/GCM/Libraries\"",
					"\"$(SRCROOT)/Ginger Coach/Plugins/phonegap-plugin-push/GCM/Libraries\"",
					"\"$(SRCROOT)/Ginger Coach/Plugins/phonegap-plugin-push/GCM/Libraries\"",
					"\"$(SRCROOT)/Ginger Coach/Plugins/phonegap-plugin-push/GCM/Libraries\"",
					"\"$(SRCROOT)/Ginger Coach/Plugins/phonegap-plugin-push/GCM/Libraries\"",
					"\"$(SRCROOT)/Ginger Coach/Plugins/phonegap-plugin-push/GCM/Libraries\"",
					"\"$(SRCROOT)/Ginger Coach/Plugins/phonegap-plugin-push/GCM/Libraries\"",
					"\"$(SRCROOT)/Ginger Coach/Plugins/phonegap-plugin-push/GCM/Libraries\"",
					"\"$(SRCROOT)/Ginger Coach/Plugins/phonegap-plugin-push/GCM/Libraries\"",
					"\"$(SRCROOT)/Ginger Coach/Plugins/phonegap-plugin-push/GCM/Libraries\"",
					"\"$(SRCROOT)/Ginger Coach/Plugins/phonegap-plugin-push/GCM/Libraries\"",
					"\"$(SRCROOT)/Ginger Coach/Plugins/phonegap-plugin-push/GCM/Libraries\"",
					"\"$(SRCROOT)/Ginger Coach/Plugins/phonegap-plugin-push/GCM/Libraries\"",
					"\"$(SRCROOT)/Ginger Coach/Plugins/phonegap-plugin-push/GCM/Libraries\"",
					"\"$(SRCROOT)/Ginger Coach/Plugins/phonegap-plugin-push/GCM/Libraries\"",
					"\"$(SRCROOT)/Ginger Coach/Plugins/phonegap-plugin-push/GCM/Libraries\"",
					"\"$(SRCROOT)/Ginger Coach/Plugins/phonegap-plugin-push/GCM/Libraries\"",
					"\"$(SRCROOT)/Ginger Coach/Plugins/phonegap-plugin-push/GCM/Libraries\"",
					"\"$(SRCROOT)/Ginger Coach/Plugins/phonegap-plugin-push/GCM/Libraries\"",
					"\"$(SRCROOT)/Ginger Coach/Plugins/phonegap-plugin-push/GCM/Libraries\"",
					"\"$(SRCROOT)/Ginger Coach/Plugins/phonegap-plugin-push/GCM/Libraries\"",
					"\"$(SRCROOT)/Ginger Coach/Plugins/phonegap-plugin-push/GCM/Libraries\"",
				);
				PRODUCT_NAME = "Ginger Coach";
				TARGETED_DEVICE_FAMILY = 1;
			};
			name = Debug;
		};
		1D6058950D05DD3E006BFB54 /* Release */ = {
			isa = XCBuildConfiguration;
			baseConfigurationReference = 3047A5101AB8059700498E2A /* build-release.xcconfig */;
			buildSettings = {
				ALWAYS_SEARCH_USER_PATHS = NO;
				ASSETCATALOG_COMPILER_APPICON_NAME = AppIcon;
				ASSETCATALOG_COMPILER_LAUNCHIMAGE_NAME = LaunchImage;
				CLANG_ENABLE_MODULES = YES;
				CLANG_ENABLE_OBJC_ARC = YES;
				CODE_SIGN_IDENTITY = "iPhone Developer";
				COPY_PHASE_STRIP = YES;
				GCC_PRECOMPILE_PREFIX_HEADER = YES;
				GCC_PREFIX_HEADER = "Ginger Coach/Ginger Coach-Prefix.pch";
				GCC_THUMB_SUPPORT = NO;
				GCC_VERSION = "";
				INFOPLIST_FILE = "Ginger Coach/Ginger Coach-Info.plist";
				LIBRARY_SEARCH_PATHS = (
					"$(inherited)",
					"\"$(SRCROOT)/Ginger Coach/Plugins/phonegap-plugin-push/GCM/Libraries\"",
					"\"$(SRCROOT)/Ginger Coach/Plugins/phonegap-plugin-push/GCM/Libraries\"",
					"\"$(SRCROOT)/Ginger Coach/Plugins/phonegap-plugin-push/GCM/Libraries\"",
					"\"$(SRCROOT)/Ginger Coach/Plugins/phonegap-plugin-push/GCM/Libraries\"",
					"\"$(SRCROOT)/Ginger Coach/Plugins/phonegap-plugin-push/GCM/Libraries\"",
					"\"$(SRCROOT)/Ginger Coach/Plugins/phonegap-plugin-push/GCM/Libraries\"",
					"\"$(SRCROOT)/Ginger Coach/Plugins/phonegap-plugin-push/GCM/Libraries\"",
					"\"$(SRCROOT)/Ginger Coach/Plugins/phonegap-plugin-push/GCM/Libraries\"",
					"\"$(SRCROOT)/Ginger Coach/Plugins/phonegap-plugin-push/GCM/Libraries\"",
					"\"$(SRCROOT)/Ginger Coach/Plugins/phonegap-plugin-push/GCM/Libraries\"",
					"\"$(SRCROOT)/Ginger Coach/Plugins/phonegap-plugin-push/GCM/Libraries\"",
					"\"$(SRCROOT)/Ginger Coach/Plugins/phonegap-plugin-push/GCM/Libraries\"",
					"\"$(SRCROOT)/Ginger Coach/Plugins/phonegap-plugin-push/GCM/Libraries\"",
					"\"$(SRCROOT)/Ginger Coach/Plugins/phonegap-plugin-push/GCM/Libraries\"",
					"\"$(SRCROOT)/Ginger Coach/Plugins/phonegap-plugin-push/GCM/Libraries\"",
					"\"$(SRCROOT)/Ginger Coach/Plugins/phonegap-plugin-push/GCM/Libraries\"",
					"\"$(SRCROOT)/Ginger Coach/Plugins/phonegap-plugin-push/GCM/Libraries\"",
					"\"$(SRCROOT)/Ginger Coach/Plugins/phonegap-plugin-push/GCM/Libraries\"",
					"\"$(SRCROOT)/Ginger Coach/Plugins/phonegap-plugin-push/GCM/Libraries\"",
					"\"$(SRCROOT)/Ginger Coach/Plugins/phonegap-plugin-push/GCM/Libraries\"",
					"\"$(SRCROOT)/Ginger Coach/Plugins/phonegap-plugin-push/GCM/Libraries\"",
					"\"$(SRCROOT)/Ginger Coach/Plugins/phonegap-plugin-push/GCM/Libraries\"",
					"\"$(SRCROOT)/Ginger Coach/Plugins/phonegap-plugin-push/GCM/Libraries\"",
					"\"$(SRCROOT)/Ginger Coach/Plugins/phonegap-plugin-push/GCM/Libraries\"",
					"\"$(SRCROOT)/Ginger Coach/Plugins/phonegap-plugin-push/GCM/Libraries\"",
					"\"$(SRCROOT)/Ginger Coach/Plugins/phonegap-plugin-push/GCM/Libraries\"",
				);
				PRODUCT_NAME = "Ginger Coach";
				TARGETED_DEVICE_FAMILY = 1;
			};
			name = Release;
		};
		C01FCF4F08A954540054247B /* Debug */ = {
			isa = XCBuildConfiguration;
			baseConfigurationReference = 3047A5111AB8059700498E2A /* build.xcconfig */;
			buildSettings = {
				CLANG_ENABLE_MODULES = YES;
				CLANG_ENABLE_OBJC_ARC = YES;
				CLANG_WARN_BOOL_CONVERSION = YES;
				CLANG_WARN_CONSTANT_CONVERSION = YES;
				CLANG_WARN_EMPTY_BODY = YES;
				CLANG_WARN_ENUM_CONVERSION = YES;
				CLANG_WARN_INT_CONVERSION = YES;
				CLANG_WARN__DUPLICATE_METHOD_MATCH = YES;
				GCC_C_LANGUAGE_STANDARD = c99;
				GCC_THUMB_SUPPORT = NO;
				GCC_VERSION = "";
				GCC_WARN_ABOUT_RETURN_TYPE = YES;
				GCC_WARN_UNDECLARED_SELECTOR = YES;
				GCC_WARN_UNINITIALIZED_AUTOS = YES;
				GCC_WARN_UNUSED_FUNCTION = YES;
				GCC_WARN_UNUSED_VARIABLE = YES;
				ONLY_ACTIVE_ARCH = YES;
				SDKROOT = iphoneos;
				SKIP_INSTALL = NO;
			};
			name = Debug;
		};
		C01FCF5008A954540054247B /* Release */ = {
			isa = XCBuildConfiguration;
			baseConfigurationReference = 3047A5111AB8059700498E2A /* build.xcconfig */;
			buildSettings = {
				CLANG_ENABLE_MODULES = YES;
				CLANG_ENABLE_OBJC_ARC = YES;
				CLANG_WARN_BOOL_CONVERSION = YES;
				CLANG_WARN_CONSTANT_CONVERSION = YES;
				CLANG_WARN_EMPTY_BODY = YES;
				CLANG_WARN_ENUM_CONVERSION = YES;
				CLANG_WARN_INT_CONVERSION = YES;
				CLANG_WARN__DUPLICATE_METHOD_MATCH = YES;
				GCC_C_LANGUAGE_STANDARD = c99;
				GCC_THUMB_SUPPORT = NO;
				GCC_VERSION = "";
				GCC_WARN_ABOUT_RETURN_TYPE = YES;
				GCC_WARN_UNDECLARED_SELECTOR = YES;
				GCC_WARN_UNINITIALIZED_AUTOS = YES;
				GCC_WARN_UNUSED_FUNCTION = YES;
				GCC_WARN_UNUSED_VARIABLE = YES;
				SDKROOT = iphoneos;
				SKIP_INSTALL = NO;
			};
			name = Release;
		};
/* End XCBuildConfiguration section */

/* Begin XCConfigurationList section */
		1D6058960D05DD3E006BFB54 /* Build configuration list for PBXNativeTarget "Ginger Coach" */ = {
			isa = XCConfigurationList;
			buildConfigurations = (
				1D6058940D05DD3E006BFB54 /* Debug */,
				1D6058950D05DD3E006BFB54 /* Release */,
			);
			defaultConfigurationIsVisible = 0;
			defaultConfigurationName = Release;
		};
		C01FCF4E08A954540054247B /* Build configuration list for PBXProject "Ginger Coach" */ = {
			isa = XCConfigurationList;
			buildConfigurations = (
				C01FCF4F08A954540054247B /* Debug */,
				C01FCF5008A954540054247B /* Release */,
			);
			defaultConfigurationIsVisible = 0;
			defaultConfigurationName = Release;
		};
/* End XCConfigurationList section */
	};
	rootObject = 29B97313FDCFA39411CA2CEA /* Project object */;
}
